
Microsoft Visual Studio Solution File, Format Version 12.00
# Visual Studio 14
VisualStudioVersion = 14.0.22823.1
MinimumVisualStudioVersion = 10.0.40219.1
Project("{FAE04EC0-301F-11D3-BF4B-00C04F79EFBC}") = "Gdb", "[Tools]\Debugger\Gdb\Gdb.csproj", "{A7DD2C3B-760C-4575-B13E-D7000AC630D6}"
EndProject
Project("{FAE04EC0-301F-11D3-BF4B-00C04F79EFBC}") = "Debugger.Launcher", "[Tools]\Debugger\Debugger.Launcher\Debugger.Launcher.csproj", "{7DDAD15C-AF23-4B42-8ADE-CD3BB23DF072}"
EndProject
Project("{FAE04EC0-301F-11D3-BF4B-00C04F79EFBC}") = "Debugger.Engine", "[Tools]\Debugger\Debugger.Engine\Debugger.Engine.csproj", "{AB70B484-69C0-4DDF-A9B1-E7AE3CB2A8AD}"
EndProject
Project("{8BC9CEB8-8B4A-11D0-8D11-00A0C91BC942}") = "Debugger.Worker", "[Tools]\Debugger\Debugger.Worker\Debugger.Worker.vcxproj", "{CC7B28E0-CB31-44F7-A380-E7072F670F38}"
EndProject
Global
	GlobalSection(SolutionConfigurationPlatforms) = preSolution
		Debug|Any CPU = Debug|Any CPU
		Debug|ARM = Debug|ARM
		Debug|x64 = Debug|x64
		Debug|x86 = Debug|x86
		Kernel|Any CPU = Kernel|Any CPU
		Kernel|ARM = Kernel|ARM
		Kernel|x64 = Kernel|x64
		Kernel|x86 = Kernel|x86
		Release (StyleCop)|Any CPU = Release (StyleCop)|Any CPU
		Release (StyleCop)|ARM = Release (StyleCop)|ARM
		Release (StyleCop)|x64 = Release (StyleCop)|x64
		Release (StyleCop)|x86 = Release (StyleCop)|x86
		Release|Any CPU = Release|Any CPU
		Release|ARM = Release|ARM
		Release|x64 = Release|x64
		Release|x86 = Release|x86
		SignedRelease|Any CPU = SignedRelease|Any CPU
		SignedRelease|ARM = SignedRelease|ARM
		SignedRelease|x64 = SignedRelease|x64
		SignedRelease|x86 = SignedRelease|x86
		Windows|Any CPU = Windows|Any CPU
		Windows|ARM = Windows|ARM
		Windows|x64 = Windows|x64
		Windows|x86 = Windows|x86
	EndGlobalSection
	GlobalSection(ProjectConfigurationPlatforms) = postSolution
		{A7DD2C3B-760C-4575-B13E-D7000AC630D6}.Debug|Any CPU.ActiveCfg = Debug|Any CPU
		{A7DD2C3B-760C-4575-B13E-D7000AC630D6}.Debug|Any CPU.Build.0 = Debug|Any CPU
		{A7DD2C3B-760C-4575-B13E-D7000AC630D6}.Debug|ARM.ActiveCfg = Debug|Any CPU
		{A7DD2C3B-760C-4575-B13E-D7000AC630D6}.Debug|ARM.Build.0 = Debug|Any CPU
		{A7DD2C3B-760C-4575-B13E-D7000AC630D6}.Debug|x64.ActiveCfg = Debug|Any CPU
		{A7DD2C3B-760C-4575-B13E-D7000AC630D6}.Debug|x64.Build.0 = Debug|Any CPU
		{A7DD2C3B-760C-4575-B13E-D7000AC630D6}.Debug|x86.ActiveCfg = Debug|Any CPU
		{A7DD2C3B-760C-4575-B13E-D7000AC630D6}.Debug|x86.Build.0 = Debug|Any CPU
		{A7DD2C3B-760C-4575-B13E-D7000AC630D6}.Kernel|Any CPU.ActiveCfg = Release|Any CPU
		{A7DD2C3B-760C-4575-B13E-D7000AC630D6}.Kernel|Any CPU.Build.0 = Release|Any CPU
		{A7DD2C3B-760C-4575-B13E-D7000AC630D6}.Kernel|ARM.ActiveCfg = Release|Any CPU
		{A7DD2C3B-760C-4575-B13E-D7000AC630D6}.Kernel|ARM.Build.0 = Release|Any CPU
		{A7DD2C3B-760C-4575-B13E-D7000AC630D6}.Kernel|x64.ActiveCfg = Release|Any CPU
		{A7DD2C3B-760C-4575-B13E-D7000AC630D6}.Kernel|x64.Build.0 = Release|Any CPU
		{A7DD2C3B-760C-4575-B13E-D7000AC630D6}.Kernel|x86.ActiveCfg = Debug|Any CPU
		{A7DD2C3B-760C-4575-B13E-D7000AC630D6}.Kernel|x86.Build.0 = Debug|Any CPU
		{A7DD2C3B-760C-4575-B13E-D7000AC630D6}.Release (StyleCop)|Any CPU.ActiveCfg = Release|Any CPU
		{A7DD2C3B-760C-4575-B13E-D7000AC630D6}.Release (StyleCop)|Any CPU.Build.0 = Release|Any CPU
		{A7DD2C3B-760C-4575-B13E-D7000AC630D6}.Release (StyleCop)|ARM.ActiveCfg = Release|Any CPU
		{A7DD2C3B-760C-4575-B13E-D7000AC630D6}.Release (StyleCop)|ARM.Build.0 = Release|Any CPU
		{A7DD2C3B-760C-4575-B13E-D7000AC630D6}.Release (StyleCop)|x64.ActiveCfg = Release|Any CPU
		{A7DD2C3B-760C-4575-B13E-D7000AC630D6}.Release (StyleCop)|x64.Build.0 = Release|Any CPU
		{A7DD2C3B-760C-4575-B13E-D7000AC630D6}.Release (StyleCop)|x86.ActiveCfg = Release|Any CPU
		{A7DD2C3B-760C-4575-B13E-D7000AC630D6}.Release (StyleCop)|x86.Build.0 = Release|Any CPU
		{A7DD2C3B-760C-4575-B13E-D7000AC630D6}.Release|Any CPU.ActiveCfg = Release|Any CPU
		{A7DD2C3B-760C-4575-B13E-D7000AC630D6}.Release|Any CPU.Build.0 = Release|Any CPU
		{A7DD2C3B-760C-4575-B13E-D7000AC630D6}.Release|ARM.ActiveCfg = Release|Any CPU
		{A7DD2C3B-760C-4575-B13E-D7000AC630D6}.Release|ARM.Build.0 = Release|Any CPU
		{A7DD2C3B-760C-4575-B13E-D7000AC630D6}.Release|x64.ActiveCfg = Release|Any CPU
		{A7DD2C3B-760C-4575-B13E-D7000AC630D6}.Release|x64.Build.0 = Release|Any CPU
		{A7DD2C3B-760C-4575-B13E-D7000AC630D6}.Release|x86.ActiveCfg = Release|Any CPU
		{A7DD2C3B-760C-4575-B13E-D7000AC630D6}.Release|x86.Build.0 = Release|Any CPU
		{A7DD2C3B-760C-4575-B13E-D7000AC630D6}.SignedRelease|Any CPU.ActiveCfg = Release|Any CPU
		{A7DD2C3B-760C-4575-B13E-D7000AC630D6}.SignedRelease|Any CPU.Build.0 = Release|Any CPU
		{A7DD2C3B-760C-4575-B13E-D7000AC630D6}.SignedRelease|ARM.ActiveCfg = Release|Any CPU
		{A7DD2C3B-760C-4575-B13E-D7000AC630D6}.SignedRelease|ARM.Build.0 = Release|Any CPU
		{A7DD2C3B-760C-4575-B13E-D7000AC630D6}.SignedRelease|x64.ActiveCfg = Release|Any CPU
		{A7DD2C3B-760C-4575-B13E-D7000AC630D6}.SignedRelease|x64.Build.0 = Release|Any CPU
		{A7DD2C3B-760C-4575-B13E-D7000AC630D6}.SignedRelease|x86.ActiveCfg = Release|Any CPU
		{A7DD2C3B-760C-4575-B13E-D7000AC630D6}.SignedRelease|x86.Build.0 = Release|Any CPU
		{A7DD2C3B-760C-4575-B13E-D7000AC630D6}.Windows|Any CPU.ActiveCfg = Release|Any CPU
		{A7DD2C3B-760C-4575-B13E-D7000AC630D6}.Windows|Any CPU.Build.0 = Release|Any CPU
		{A7DD2C3B-760C-4575-B13E-D7000AC630D6}.Windows|ARM.ActiveCfg = Release|Any CPU
		{A7DD2C3B-760C-4575-B13E-D7000AC630D6}.Windows|ARM.Build.0 = Release|Any CPU
		{A7DD2C3B-760C-4575-B13E-D7000AC630D6}.Windows|x64.ActiveCfg = Release|Any CPU
		{A7DD2C3B-760C-4575-B13E-D7000AC630D6}.Windows|x64.Build.0 = Release|Any CPU
		{A7DD2C3B-760C-4575-B13E-D7000AC630D6}.Windows|x86.ActiveCfg = Release|Any CPU
		{A7DD2C3B-760C-4575-B13E-D7000AC630D6}.Windows|x86.Build.0 = Release|Any CPU
		{7DDAD15C-AF23-4B42-8ADE-CD3BB23DF072}.Debug|Any CPU.ActiveCfg = Debug|Any CPU
		{7DDAD15C-AF23-4B42-8ADE-CD3BB23DF072}.Debug|Any CPU.Build.0 = Debug|Any CPU
		{7DDAD15C-AF23-4B42-8ADE-CD3BB23DF072}.Debug|ARM.ActiveCfg = Debug|Any CPU
		{7DDAD15C-AF23-4B42-8ADE-CD3BB23DF072}.Debug|ARM.Build.0 = Debug|Any CPU
		{7DDAD15C-AF23-4B42-8ADE-CD3BB23DF072}.Debug|x64.ActiveCfg = Debug|Any CPU
		{7DDAD15C-AF23-4B42-8ADE-CD3BB23DF072}.Debug|x64.Build.0 = Debug|Any CPU
		{7DDAD15C-AF23-4B42-8ADE-CD3BB23DF072}.Debug|x86.ActiveCfg = Debug|Any CPU
		{7DDAD15C-AF23-4B42-8ADE-CD3BB23DF072}.Debug|x86.Build.0 = Debug|Any CPU
		{7DDAD15C-AF23-4B42-8ADE-CD3BB23DF072}.Kernel|Any CPU.ActiveCfg = Release|Any CPU
		{7DDAD15C-AF23-4B42-8ADE-CD3BB23DF072}.Kernel|Any CPU.Build.0 = Release|Any CPU
		{7DDAD15C-AF23-4B42-8ADE-CD3BB23DF072}.Kernel|ARM.ActiveCfg = Release|Any CPU
		{7DDAD15C-AF23-4B42-8ADE-CD3BB23DF072}.Kernel|ARM.Build.0 = Release|Any CPU
		{7DDAD15C-AF23-4B42-8ADE-CD3BB23DF072}.Kernel|x64.ActiveCfg = Release|Any CPU
		{7DDAD15C-AF23-4B42-8ADE-CD3BB23DF072}.Kernel|x64.Build.0 = Release|Any CPU
		{7DDAD15C-AF23-4B42-8ADE-CD3BB23DF072}.Kernel|x86.ActiveCfg = Release|Any CPU
		{7DDAD15C-AF23-4B42-8ADE-CD3BB23DF072}.Kernel|x86.Build.0 = Release|Any CPU
		{7DDAD15C-AF23-4B42-8ADE-CD3BB23DF072}.Release (StyleCop)|Any CPU.ActiveCfg = Release|Any CPU
		{7DDAD15C-AF23-4B42-8ADE-CD3BB23DF072}.Release (StyleCop)|Any CPU.Build.0 = Release|Any CPU
		{7DDAD15C-AF23-4B42-8ADE-CD3BB23DF072}.Release (StyleCop)|ARM.ActiveCfg = Release|Any CPU
		{7DDAD15C-AF23-4B42-8ADE-CD3BB23DF072}.Release (StyleCop)|ARM.Build.0 = Release|Any CPU
		{7DDAD15C-AF23-4B42-8ADE-CD3BB23DF072}.Release (StyleCop)|x64.ActiveCfg = Release|Any CPU
		{7DDAD15C-AF23-4B42-8ADE-CD3BB23DF072}.Release (StyleCop)|x64.Build.0 = Release|Any CPU
		{7DDAD15C-AF23-4B42-8ADE-CD3BB23DF072}.Release (StyleCop)|x86.ActiveCfg = Release|Any CPU
		{7DDAD15C-AF23-4B42-8ADE-CD3BB23DF072}.Release (StyleCop)|x86.Build.0 = Release|Any CPU
		{7DDAD15C-AF23-4B42-8ADE-CD3BB23DF072}.Release|Any CPU.ActiveCfg = Release|Any CPU
		{7DDAD15C-AF23-4B42-8ADE-CD3BB23DF072}.Release|Any CPU.Build.0 = Release|Any CPU
		{7DDAD15C-AF23-4B42-8ADE-CD3BB23DF072}.Release|ARM.ActiveCfg = Release|Any CPU
		{7DDAD15C-AF23-4B42-8ADE-CD3BB23DF072}.Release|ARM.Build.0 = Release|Any CPU
		{7DDAD15C-AF23-4B42-8ADE-CD3BB23DF072}.Release|x64.ActiveCfg = Release|Any CPU
		{7DDAD15C-AF23-4B42-8ADE-CD3BB23DF072}.Release|x64.Build.0 = Release|Any CPU
		{7DDAD15C-AF23-4B42-8ADE-CD3BB23DF072}.Release|x86.ActiveCfg = Release|Any CPU
		{7DDAD15C-AF23-4B42-8ADE-CD3BB23DF072}.Release|x86.Build.0 = Release|Any CPU
		{7DDAD15C-AF23-4B42-8ADE-CD3BB23DF072}.SignedRelease|Any CPU.ActiveCfg = Release|Any CPU
		{7DDAD15C-AF23-4B42-8ADE-CD3BB23DF072}.SignedRelease|Any CPU.Build.0 = Release|Any CPU
		{7DDAD15C-AF23-4B42-8ADE-CD3BB23DF072}.SignedRelease|ARM.ActiveCfg = Release|Any CPU
		{7DDAD15C-AF23-4B42-8ADE-CD3BB23DF072}.SignedRelease|ARM.Build.0 = Release|Any CPU
		{7DDAD15C-AF23-4B42-8ADE-CD3BB23DF072}.SignedRelease|x64.ActiveCfg = Release|Any CPU
		{7DDAD15C-AF23-4B42-8ADE-CD3BB23DF072}.SignedRelease|x64.Build.0 = Release|Any CPU
		{7DDAD15C-AF23-4B42-8ADE-CD3BB23DF072}.SignedRelease|x86.ActiveCfg = Release|Any CPU
		{7DDAD15C-AF23-4B42-8ADE-CD3BB23DF072}.SignedRelease|x86.Build.0 = Release|Any CPU
		{7DDAD15C-AF23-4B42-8ADE-CD3BB23DF072}.Windows|Any CPU.ActiveCfg = Release|Any CPU
		{7DDAD15C-AF23-4B42-8ADE-CD3BB23DF072}.Windows|Any CPU.Build.0 = Release|Any CPU
		{7DDAD15C-AF23-4B42-8ADE-CD3BB23DF072}.Windows|ARM.ActiveCfg = Release|Any CPU
		{7DDAD15C-AF23-4B42-8ADE-CD3BB23DF072}.Windows|ARM.Build.0 = Release|Any CPU
		{7DDAD15C-AF23-4B42-8ADE-CD3BB23DF072}.Windows|x64.ActiveCfg = Release|Any CPU
		{7DDAD15C-AF23-4B42-8ADE-CD3BB23DF072}.Windows|x64.Build.0 = Release|Any CPU
		{7DDAD15C-AF23-4B42-8ADE-CD3BB23DF072}.Windows|x86.ActiveCfg = Release|Any CPU
		{7DDAD15C-AF23-4B42-8ADE-CD3BB23DF072}.Windows|x86.Build.0 = Release|Any CPU
		{AB70B484-69C0-4DDF-A9B1-E7AE3CB2A8AD}.Debug|Any CPU.ActiveCfg = Debug|Any CPU
		{AB70B484-69C0-4DDF-A9B1-E7AE3CB2A8AD}.Debug|Any CPU.Build.0 = Debug|Any CPU
		{AB70B484-69C0-4DDF-A9B1-E7AE3CB2A8AD}.Debug|ARM.ActiveCfg = Debug|Any CPU
		{AB70B484-69C0-4DDF-A9B1-E7AE3CB2A8AD}.Debug|ARM.Build.0 = Debug|Any CPU
		{AB70B484-69C0-4DDF-A9B1-E7AE3CB2A8AD}.Debug|x64.ActiveCfg = Debug|Any CPU
		{AB70B484-69C0-4DDF-A9B1-E7AE3CB2A8AD}.Debug|x64.Build.0 = Debug|Any CPU
		{AB70B484-69C0-4DDF-A9B1-E7AE3CB2A8AD}.Debug|x86.ActiveCfg = Debug|Any CPU
		{AB70B484-69C0-4DDF-A9B1-E7AE3CB2A8AD}.Debug|x86.Build.0 = Debug|Any CPU
		{AB70B484-69C0-4DDF-A9B1-E7AE3CB2A8AD}.Kernel|Any CPU.ActiveCfg = Release|Any CPU
		{AB70B484-69C0-4DDF-A9B1-E7AE3CB2A8AD}.Kernel|Any CPU.Build.0 = Release|Any CPU
		{AB70B484-69C0-4DDF-A9B1-E7AE3CB2A8AD}.Kernel|ARM.ActiveCfg = Release|Any CPU
		{AB70B484-69C0-4DDF-A9B1-E7AE3CB2A8AD}.Kernel|ARM.Build.0 = Release|Any CPU
		{AB70B484-69C0-4DDF-A9B1-E7AE3CB2A8AD}.Kernel|x64.ActiveCfg = Release|Any CPU
		{AB70B484-69C0-4DDF-A9B1-E7AE3CB2A8AD}.Kernel|x64.Build.0 = Release|Any CPU
		{AB70B484-69C0-4DDF-A9B1-E7AE3CB2A8AD}.Kernel|x86.ActiveCfg = Release|Any CPU
		{AB70B484-69C0-4DDF-A9B1-E7AE3CB2A8AD}.Kernel|x86.Build.0 = Release|Any CPU
		{AB70B484-69C0-4DDF-A9B1-E7AE3CB2A8AD}.Release (StyleCop)|Any CPU.ActiveCfg = Release|Any CPU
		{AB70B484-69C0-4DDF-A9B1-E7AE3CB2A8AD}.Release (StyleCop)|Any CPU.Build.0 = Release|Any CPU
		{AB70B484-69C0-4DDF-A9B1-E7AE3CB2A8AD}.Release (StyleCop)|ARM.ActiveCfg = Release|Any CPU
		{AB70B484-69C0-4DDF-A9B1-E7AE3CB2A8AD}.Release (StyleCop)|ARM.Build.0 = Release|Any CPU
		{AB70B484-69C0-4DDF-A9B1-E7AE3CB2A8AD}.Release (StyleCop)|x64.ActiveCfg = Release|Any CPU
		{AB70B484-69C0-4DDF-A9B1-E7AE3CB2A8AD}.Release (StyleCop)|x64.Build.0 = Release|Any CPU
		{AB70B484-69C0-4DDF-A9B1-E7AE3CB2A8AD}.Release (StyleCop)|x86.ActiveCfg = Release|Any CPU
		{AB70B484-69C0-4DDF-A9B1-E7AE3CB2A8AD}.Release (StyleCop)|x86.Build.0 = Release|Any CPU
		{AB70B484-69C0-4DDF-A9B1-E7AE3CB2A8AD}.Release|Any CPU.ActiveCfg = Release|Any CPU
		{AB70B484-69C0-4DDF-A9B1-E7AE3CB2A8AD}.Release|Any CPU.Build.0 = Release|Any CPU
		{AB70B484-69C0-4DDF-A9B1-E7AE3CB2A8AD}.Release|ARM.ActiveCfg = Release|Any CPU
		{AB70B484-69C0-4DDF-A9B1-E7AE3CB2A8AD}.Release|ARM.Build.0 = Release|Any CPU
		{AB70B484-69C0-4DDF-A9B1-E7AE3CB2A8AD}.Release|x64.ActiveCfg = Release|Any CPU
		{AB70B484-69C0-4DDF-A9B1-E7AE3CB2A8AD}.Release|x64.Build.0 = Release|Any CPU
		{AB70B484-69C0-4DDF-A9B1-E7AE3CB2A8AD}.Release|x86.ActiveCfg = Release|Any CPU
		{AB70B484-69C0-4DDF-A9B1-E7AE3CB2A8AD}.Release|x86.Build.0 = Release|Any CPU
		{AB70B484-69C0-4DDF-A9B1-E7AE3CB2A8AD}.SignedRelease|Any CPU.ActiveCfg = Release|Any CPU
		{AB70B484-69C0-4DDF-A9B1-E7AE3CB2A8AD}.SignedRelease|Any CPU.Build.0 = Release|Any CPU
		{AB70B484-69C0-4DDF-A9B1-E7AE3CB2A8AD}.SignedRelease|ARM.ActiveCfg = Release|Any CPU
		{AB70B484-69C0-4DDF-A9B1-E7AE3CB2A8AD}.SignedRelease|ARM.Build.0 = Release|Any CPU
		{AB70B484-69C0-4DDF-A9B1-E7AE3CB2A8AD}.SignedRelease|x64.ActiveCfg = Release|Any CPU
		{AB70B484-69C0-4DDF-A9B1-E7AE3CB2A8AD}.SignedRelease|x64.Build.0 = Release|Any CPU
		{AB70B484-69C0-4DDF-A9B1-E7AE3CB2A8AD}.SignedRelease|x86.ActiveCfg = Release|Any CPU
		{AB70B484-69C0-4DDF-A9B1-E7AE3CB2A8AD}.SignedRelease|x86.Build.0 = Release|Any CPU
		{AB70B484-69C0-4DDF-A9B1-E7AE3CB2A8AD}.Windows|Any CPU.ActiveCfg = Release|Any CPU
		{AB70B484-69C0-4DDF-A9B1-E7AE3CB2A8AD}.Windows|Any CPU.Build.0 = Release|Any CPU
		{AB70B484-69C0-4DDF-A9B1-E7AE3CB2A8AD}.Windows|ARM.ActiveCfg = Release|Any CPU
		{AB70B484-69C0-4DDF-A9B1-E7AE3CB2A8AD}.Windows|ARM.Build.0 = Release|Any CPU
		{AB70B484-69C0-4DDF-A9B1-E7AE3CB2A8AD}.Windows|x64.ActiveCfg = Release|Any CPU
		{AB70B484-69C0-4DDF-A9B1-E7AE3CB2A8AD}.Windows|x64.Build.0 = Release|Any CPU
		{AB70B484-69C0-4DDF-A9B1-E7AE3CB2A8AD}.Windows|x86.ActiveCfg = Release|Any CPU
		{AB70B484-69C0-4DDF-A9B1-E7AE3CB2A8AD}.Windows|x86.Build.0 = Release|Any CPU
		{CC7B28E0-CB31-44F7-A380-E7072F670F38}.Debug|Any CPU.ActiveCfg = Debug|x64
		{CC7B28E0-CB31-44F7-A380-E7072F670F38}.Debug|Any CPU.Build.0 = Debug|x64
		{CC7B28E0-CB31-44F7-A380-E7072F670F38}.Debug|ARM.ActiveCfg = Debug|Win32
		{CC7B28E0-CB31-44F7-A380-E7072F670F38}.Debug|x64.ActiveCfg = Debug|Win32
		{CC7B28E0-CB31-44F7-A380-E7072F670F38}.Debug|x86.ActiveCfg = Debug|Win32
		{CC7B28E0-CB31-44F7-A380-E7072F670F38}.Debug|x86.Build.0 = Debug|Win32
		{CC7B28E0-CB31-44F7-A380-E7072F670F38}.Kernel|Any CPU.ActiveCfg = Release|Win32
		{CC7B28E0-CB31-44F7-A380-E7072F670F38}.Kernel|Any CPU.Build.0 = Release|Win32
		{CC7B28E0-CB31-44F7-A380-E7072F670F38}.Kernel|ARM.ActiveCfg = Release|Win32
		{CC7B28E0-CB31-44F7-A380-E7072F670F38}.Kernel|ARM.Build.0 = Release|Win32
		{CC7B28E0-CB31-44F7-A380-E7072F670F38}.Kernel|x64.ActiveCfg = Release|Win32
		{CC7B28E0-CB31-44F7-A380-E7072F670F38}.Kernel|x64.Build.0 = Release|Win32
		{CC7B28E0-CB31-44F7-A380-E7072F670F38}.Kernel|x86.ActiveCfg = Release|Win32
		{CC7B28E0-CB31-44F7-A380-E7072F670F38}.Kernel|x86.Build.0 = Release|Win32
		{CC7B28E0-CB31-44F7-A380-E7072F670F38}.Release (StyleCop)|Any CPU.ActiveCfg = Release|Win32
		{CC7B28E0-CB31-44F7-A380-E7072F670F38}.Release (StyleCop)|Any CPU.Build.0 = Release|Win32
		{CC7B28E0-CB31-44F7-A380-E7072F670F38}.Release (StyleCop)|ARM.ActiveCfg = Release|Win32
		{CC7B28E0-CB31-44F7-A380-E7072F670F38}.Release (StyleCop)|ARM.Build.0 = Release|Win32
		{CC7B28E0-CB31-44F7-A380-E7072F670F38}.Release (StyleCop)|x64.ActiveCfg = Release|Win32
		{CC7B28E0-CB31-44F7-A380-E7072F670F38}.Release (StyleCop)|x64.Build.0 = Release|Win32
		{CC7B28E0-CB31-44F7-A380-E7072F670F38}.Release (StyleCop)|x86.ActiveCfg = Release|Win32
		{CC7B28E0-CB31-44F7-A380-E7072F670F38}.Release (StyleCop)|x86.Build.0 = Release|Win32
		{CC7B28E0-CB31-44F7-A380-E7072F670F38}.Release|Any CPU.ActiveCfg = Release|Win32
		{CC7B28E0-CB31-44F7-A380-E7072F670F38}.Release|ARM.ActiveCfg = Release|Win32
		{CC7B28E0-CB31-44F7-A380-E7072F670F38}.Release|x64.ActiveCfg = Release|Win32
		{CC7B28E0-CB31-44F7-A380-E7072F670F38}.Release|x86.ActiveCfg = Release|Win32
		{CC7B28E0-CB31-44F7-A380-E7072F670F38}.Release|x86.Build.0 = Release|Win32
		{CC7B28E0-CB31-44F7-A380-E7072F670F38}.SignedRelease|Any CPU.ActiveCfg = Release|Win32
		{CC7B28E0-CB31-44F7-A380-E7072F670F38}.SignedRelease|Any CPU.Build.0 = Release|Win32
		{CC7B28E0-CB31-44F7-A380-E7072F670F38}.SignedRelease|ARM.ActiveCfg = Release|Win32
		{CC7B28E0-CB31-44F7-A380-E7072F670F38}.SignedRelease|ARM.Build.0 = Release|Win32
		{CC7B28E0-CB31-44F7-A380-E7072F670F38}.SignedRelease|x64.ActiveCfg = Release|Win32
		{CC7B28E0-CB31-44F7-A380-E7072F670F38}.SignedRelease|x64.Build.0 = Release|Win32
		{CC7B28E0-CB31-44F7-A380-E7072F670F38}.SignedRelease|x86.ActiveCfg = Release|Win32
		{CC7B28E0-CB31-44F7-A380-E7072F670F38}.SignedRelease|x86.Build.0 = Release|Win32
		{CC7B28E0-CB31-44F7-A380-E7072F670F38}.Windows|Any CPU.ActiveCfg = Release|Win32
		{CC7B28E0-CB31-44F7-A380-E7072F670F38}.Windows|Any CPU.Build.0 = Release|Win32
		{CC7B28E0-CB31-44F7-A380-E7072F670F38}.Windows|ARM.ActiveCfg = Release|Win32
		{CC7B28E0-CB31-44F7-A380-E7072F670F38}.Windows|ARM.Build.0 = Release|Win32
		{CC7B28E0-CB31-44F7-A380-E7072F670F38}.Windows|x64.ActiveCfg = Release|Win32
		{CC7B28E0-CB31-44F7-A380-E7072F670F38}.Windows|x64.Build.0 = Release|Win32
		{CC7B28E0-CB31-44F7-A380-E7072F670F38}.Windows|x86.ActiveCfg = Release|Win32
		{CC7B28E0-CB31-44F7-A380-E7072F670F38}.Windows|x86.Build.0 = Release|Win32
	EndGlobalSection
	GlobalSection(SolutionProperties) = preSolution
		HideSolutionNode = FALSE
	EndGlobalSection
	GlobalSection(SubversionScc) = preSolution
		Svn-Managed = True
		Manager = AnkhSVN - Subversion Support for Visual Studio
	EndGlobalSection
EndGlobal
