
Microsoft Visual Studio Solution File, Format Version 12.00
# Visual Studio 14
VisualStudioVersion = 14.0.23107.0
MinimumVisualStudioVersion = 10.0.40219.1
Project("{FAE04EC0-301F-11D3-BF4B-00C04F79EFBC}") = "Parser", "[Tools]\Parser\Parser.csproj", "{EA918F08-5AA4-4B2D-9E0A-87F07335256A}"
EndProject
Project("{FAE04EC0-301F-11D3-BF4B-00C04F79EFBC}") = "Parser.Test", "[Tests]\Parser.Test\Parser.Test.csproj", "{61E28341-F742-47E7-AF60-9E339BCCFBCD}"
EndProject
Project("{8BC9CEB8-8B4A-11D0-8D11-00A0C91BC942}") = "Parser.Cpp", "[Tests]\Parser.Cpp\Parser.Cpp.vcxproj", "{55F679A2-C1F9-4C03-9DD1-4AE10AFDAA46}"
EndProject
Global
	GlobalSection(SolutionConfigurationPlatforms) = preSolution
		Debug|Any CPU = Debug|Any CPU
		Debug|ARM = Debug|ARM
		Debug|x64 = Debug|x64
		Debug|x86 = Debug|x86
		Kernel|Any CPU = Kernel|Any CPU
		Kernel|ARM = Kernel|ARM
		Kernel|x64 = Kernel|x64
		Kernel|x86 = Kernel|x86
		Release|Any CPU = Release|Any CPU
		Release|ARM = Release|ARM
		Release|x64 = Release|x64
		Release|x86 = Release|x86
		Windows|Any CPU = Windows|Any CPU
		Windows|ARM = Windows|ARM
		Windows|x64 = Windows|x64
		Windows|x86 = Windows|x86
	EndGlobalSection
	GlobalSection(ProjectConfigurationPlatforms) = postSolution
		{EA918F08-5AA4-4B2D-9E0A-87F07335256A}.Debug|Any CPU.ActiveCfg = Debug|Any CPU
		{EA918F08-5AA4-4B2D-9E0A-87F07335256A}.Debug|Any CPU.Build.0 = Debug|Any CPU
		{EA918F08-5AA4-4B2D-9E0A-87F07335256A}.Debug|ARM.ActiveCfg = Debug|Any CPU
		{EA918F08-5AA4-4B2D-9E0A-87F07335256A}.Debug|ARM.Build.0 = Debug|Any CPU
		{EA918F08-5AA4-4B2D-9E0A-87F07335256A}.Debug|x64.ActiveCfg = Debug|Any CPU
		{EA918F08-5AA4-4B2D-9E0A-87F07335256A}.Debug|x64.Build.0 = Debug|Any CPU
		{EA918F08-5AA4-4B2D-9E0A-87F07335256A}.Debug|x86.ActiveCfg = Debug|x86
		{EA918F08-5AA4-4B2D-9E0A-87F07335256A}.Debug|x86.Build.0 = Debug|x86
		{EA918F08-5AA4-4B2D-9E0A-87F07335256A}.Kernel|Any CPU.ActiveCfg = Debug|Any CPU
		{EA918F08-5AA4-4B2D-9E0A-87F07335256A}.Kernel|Any CPU.Build.0 = Debug|Any CPU
		{EA918F08-5AA4-4B2D-9E0A-87F07335256A}.Kernel|ARM.ActiveCfg = Debug|Any CPU
		{EA918F08-5AA4-4B2D-9E0A-87F07335256A}.Kernel|ARM.Build.0 = Debug|Any CPU
		{EA918F08-5AA4-4B2D-9E0A-87F07335256A}.Kernel|x64.ActiveCfg = Debug|Any CPU
		{EA918F08-5AA4-4B2D-9E0A-87F07335256A}.Kernel|x64.Build.0 = Debug|Any CPU
		{EA918F08-5AA4-4B2D-9E0A-87F07335256A}.Kernel|x86.ActiveCfg = Debug|x86
		{EA918F08-5AA4-4B2D-9E0A-87F07335256A}.Kernel|x86.Build.0 = Debug|x86
		{EA918F08-5AA4-4B2D-9E0A-87F07335256A}.Release|Any CPU.ActiveCfg = Release|Any CPU
		{EA918F08-5AA4-4B2D-9E0A-87F07335256A}.Release|Any CPU.Build.0 = Release|Any CPU
		{EA918F08-5AA4-4B2D-9E0A-87F07335256A}.Release|ARM.ActiveCfg = Release|Any CPU
		{EA918F08-5AA4-4B2D-9E0A-87F07335256A}.Release|ARM.Build.0 = Release|Any CPU
		{EA918F08-5AA4-4B2D-9E0A-87F07335256A}.Release|x64.ActiveCfg = Release|Any CPU
		{EA918F08-5AA4-4B2D-9E0A-87F07335256A}.Release|x64.Build.0 = Release|Any CPU
		{EA918F08-5AA4-4B2D-9E0A-87F07335256A}.Release|x86.ActiveCfg = Release|x86
		{EA918F08-5AA4-4B2D-9E0A-87F07335256A}.Release|x86.Build.0 = Release|x86
		{EA918F08-5AA4-4B2D-9E0A-87F07335256A}.Windows|Any CPU.ActiveCfg = Release|Any CPU
		{EA918F08-5AA4-4B2D-9E0A-87F07335256A}.Windows|Any CPU.Build.0 = Release|Any CPU
		{EA918F08-5AA4-4B2D-9E0A-87F07335256A}.Windows|ARM.ActiveCfg = Release|Any CPU
		{EA918F08-5AA4-4B2D-9E0A-87F07335256A}.Windows|ARM.Build.0 = Release|Any CPU
		{EA918F08-5AA4-4B2D-9E0A-87F07335256A}.Windows|x64.ActiveCfg = Release|Any CPU
		{EA918F08-5AA4-4B2D-9E0A-87F07335256A}.Windows|x64.Build.0 = Release|Any CPU
		{EA918F08-5AA4-4B2D-9E0A-87F07335256A}.Windows|x86.ActiveCfg = Debug|x86
		{EA918F08-5AA4-4B2D-9E0A-87F07335256A}.Windows|x86.Build.0 = Debug|x86
		{61E28341-F742-47E7-AF60-9E339BCCFBCD}.Debug|Any CPU.ActiveCfg = Debug|Any CPU
		{61E28341-F742-47E7-AF60-9E339BCCFBCD}.Debug|Any CPU.Build.0 = Debug|Any CPU
		{61E28341-F742-47E7-AF60-9E339BCCFBCD}.Debug|ARM.ActiveCfg = Debug|Any CPU
		{61E28341-F742-47E7-AF60-9E339BCCFBCD}.Debug|ARM.Build.0 = Debug|Any CPU
		{61E28341-F742-47E7-AF60-9E339BCCFBCD}.Debug|x64.ActiveCfg = Debug|Any CPU
		{61E28341-F742-47E7-AF60-9E339BCCFBCD}.Debug|x64.Build.0 = Debug|Any CPU
		{61E28341-F742-47E7-AF60-9E339BCCFBCD}.Debug|x86.ActiveCfg = Debug|Any CPU
		{61E28341-F742-47E7-AF60-9E339BCCFBCD}.Debug|x86.Build.0 = Debug|Any CPU
		{61E28341-F742-47E7-AF60-9E339BCCFBCD}.Kernel|Any CPU.ActiveCfg = Debug|Any CPU
		{61E28341-F742-47E7-AF60-9E339BCCFBCD}.Kernel|Any CPU.Build.0 = Debug|Any CPU
		{61E28341-F742-47E7-AF60-9E339BCCFBCD}.Kernel|ARM.ActiveCfg = Debug|Any CPU
		{61E28341-F742-47E7-AF60-9E339BCCFBCD}.Kernel|ARM.Build.0 = Debug|Any CPU
		{61E28341-F742-47E7-AF60-9E339BCCFBCD}.Kernel|x64.ActiveCfg = Release|Any CPU
		{61E28341-F742-47E7-AF60-9E339BCCFBCD}.Kernel|x64.Build.0 = Release|Any CPU
		{61E28341-F742-47E7-AF60-9E339BCCFBCD}.Kernel|x86.ActiveCfg = Release|Any CPU
		{61E28341-F742-47E7-AF60-9E339BCCFBCD}.Kernel|x86.Build.0 = Release|Any CPU
		{61E28341-F742-47E7-AF60-9E339BCCFBCD}.Release|Any CPU.ActiveCfg = Release|Any CPU
		{61E28341-F742-47E7-AF60-9E339BCCFBCD}.Release|Any CPU.Build.0 = Release|Any CPU
		{61E28341-F742-47E7-AF60-9E339BCCFBCD}.Release|ARM.ActiveCfg = Release|Any CPU
		{61E28341-F742-47E7-AF60-9E339BCCFBCD}.Release|ARM.Build.0 = Release|Any CPU
		{61E28341-F742-47E7-AF60-9E339BCCFBCD}.Release|x64.ActiveCfg = Release|Any CPU
		{61E28341-F742-47E7-AF60-9E339BCCFBCD}.Release|x64.Build.0 = Release|Any CPU
		{61E28341-F742-47E7-AF60-9E339BCCFBCD}.Release|x86.ActiveCfg = Release|Any CPU
		{61E28341-F742-47E7-AF60-9E339BCCFBCD}.Release|x86.Build.0 = Release|Any CPU
		{61E28341-F742-47E7-AF60-9E339BCCFBCD}.Windows|Any CPU.ActiveCfg = Release|Any CPU
		{61E28341-F742-47E7-AF60-9E339BCCFBCD}.Windows|Any CPU.Build.0 = Release|Any CPU
		{61E28341-F742-47E7-AF60-9E339BCCFBCD}.Windows|ARM.ActiveCfg = Release|Any CPU
		{61E28341-F742-47E7-AF60-9E339BCCFBCD}.Windows|ARM.Build.0 = Release|Any CPU
		{61E28341-F742-47E7-AF60-9E339BCCFBCD}.Windows|x64.ActiveCfg = Release|Any CPU
		{61E28341-F742-47E7-AF60-9E339BCCFBCD}.Windows|x64.Build.0 = Release|Any CPU
		{61E28341-F742-47E7-AF60-9E339BCCFBCD}.Windows|x86.ActiveCfg = Release|Any CPU
		{61E28341-F742-47E7-AF60-9E339BCCFBCD}.Windows|x86.Build.0 = Release|Any CPU
		{55F679A2-C1F9-4C03-9DD1-4AE10AFDAA46}.Debug|Any CPU.ActiveCfg = Debug|Win32
		{55F679A2-C1F9-4C03-9DD1-4AE10AFDAA46}.Debug|Any CPU.Build.0 = Debug|Win32
		{55F679A2-C1F9-4C03-9DD1-4AE10AFDAA46}.Debug|ARM.ActiveCfg = Debug|Win32
		{55F679A2-C1F9-4C03-9DD1-4AE10AFDAA46}.Debug|x64.ActiveCfg = Debug|x64
		{55F679A2-C1F9-4C03-9DD1-4AE10AFDAA46}.Debug|x64.Build.0 = Debug|x64
		{55F679A2-C1F9-4C03-9DD1-4AE10AFDAA46}.Debug|x86.ActiveCfg = Debug|Win32
		{55F679A2-C1F9-4C03-9DD1-4AE10AFDAA46}.Debug|x86.Build.0 = Debug|Win32
		{55F679A2-C1F9-4C03-9DD1-4AE10AFDAA46}.Kernel|Any CPU.ActiveCfg = Release|Win32
		{55F679A2-C1F9-4C03-9DD1-4AE10AFDAA46}.Kernel|Any CPU.Build.0 = Release|Win32
		{55F679A2-C1F9-4C03-9DD1-4AE10AFDAA46}.Kernel|ARM.ActiveCfg = Release|Win32
		{55F679A2-C1F9-4C03-9DD1-4AE10AFDAA46}.Kernel|ARM.Build.0 = Release|Win32
		{55F679A2-C1F9-4C03-9DD1-4AE10AFDAA46}.Kernel|x64.ActiveCfg = Release|x64
		{55F679A2-C1F9-4C03-9DD1-4AE10AFDAA46}.Kernel|x64.Build.0 = Release|x64
		{55F679A2-C1F9-4C03-9DD1-4AE10AFDAA46}.Kernel|x86.ActiveCfg = Release|Win32
		{55F679A2-C1F9-4C03-9DD1-4AE10AFDAA46}.Kernel|x86.Build.0 = Release|Win32
		{55F679A2-C1F9-4C03-9DD1-4AE10AFDAA46}.Release|Any CPU.ActiveCfg = Release|Win32
		{55F679A2-C1F9-4C03-9DD1-4AE10AFDAA46}.Release|ARM.ActiveCfg = Release|Win32
		{55F679A2-C1F9-4C03-9DD1-4AE10AFDAA46}.Release|x64.ActiveCfg = Release|x64
		{55F679A2-C1F9-4C03-9DD1-4AE10AFDAA46}.Release|x64.Build.0 = Release|x64
		{55F679A2-C1F9-4C03-9DD1-4AE10AFDAA46}.Release|x86.ActiveCfg = Release|Win32
		{55F679A2-C1F9-4C03-9DD1-4AE10AFDAA46}.Release|x86.Build.0 = Release|Win32
		{55F679A2-C1F9-4C03-9DD1-4AE10AFDAA46}.Windows|Any CPU.ActiveCfg = Release|x64
		{55F679A2-C1F9-4C03-9DD1-4AE10AFDAA46}.Windows|Any CPU.Build.0 = Release|x64
		{55F679A2-C1F9-4C03-9DD1-4AE10AFDAA46}.Windows|ARM.ActiveCfg = Release|x64
		{55F679A2-C1F9-4C03-9DD1-4AE10AFDAA46}.Windows|ARM.Build.0 = Release|x64
		{55F679A2-C1F9-4C03-9DD1-4AE10AFDAA46}.Windows|x64.ActiveCfg = Release|x64
		{55F679A2-C1F9-4C03-9DD1-4AE10AFDAA46}.Windows|x64.Build.0 = Release|x64
		{55F679A2-C1F9-4C03-9DD1-4AE10AFDAA46}.Windows|x86.ActiveCfg = Release|Win32
		{55F679A2-C1F9-4C03-9DD1-4AE10AFDAA46}.Windows|x86.Build.0 = Release|Win32
	EndGlobalSection
	GlobalSection(SolutionProperties) = preSolution
		HideSolutionNode = FALSE
	EndGlobalSection
	GlobalSection(SubversionScc) = preSolution
		Svn-Managed = True
		Manager = AnkhSVN - Subversion Support for Visual Studio
	EndGlobalSection
EndGlobal
