
Microsoft Visual Studio Solution File, Format Version 12.00
# Visual Studio Version 16
VisualStudioVersion = 16.0.29102.190
MinimumVisualStudioVersion = 10.0.40219.1
Project("{8BC9CEB8-8B4A-11D0-8D11-00A0C91BC942}") = "Kernel", "Kernel\Kernel.vcxproj", "{B3006351-8D6B-40D4-82F9-0BAE059075D6}"
	ProjectSection(ProjectDependencies) = postProject
		{851B6333-9AB8-438D-BF2A-9D26ADBABFA9} = {851B6333-9AB8-438D-BF2A-9D26ADBABFA9}
		{2F6BE744-88A2-4597-8724-9FA95725D6BD} = {2F6BE744-88A2-4597-8724-9FA95725D6BD}
		{64DE7C99-F065-4741-9F99-34293861A202} = {64DE7C99-F065-4741-9F99-34293861A202}
		{6127CFAB-011B-4240-BF52-2286F8DFF5EA} = {6127CFAB-011B-4240-BF52-2286F8DFF5EA}
		{8CC054B8-7255-4940-8A73-659FF50A8074} = {8CC054B8-7255-4940-8A73-659FF50A8074}
		{ED375CD0-522F-4DE0-B59F-6F4B267A40C0} = {ED375CD0-522F-4DE0-B59F-6F4B267A40C0}
		{95C8F8D7-3435-4E51-BC01-3E11BD9D346D} = {95C8F8D7-3435-4E51-BC01-3E11BD9D346D}
		{3B695EF1-E0A7-422E-83B0-E3EBF25EE09B} = {3B695EF1-E0A7-422E-83B0-E3EBF25EE09B}
		{E977ECFC-8390-4525-AA43-DB400305B8E3} = {E977ECFC-8390-4525-AA43-DB400305B8E3}
	EndProjectSection
EndProject
Project("{8BC9CEB8-8B4A-11D0-8D11-00A0C91BC942}") = "CRT", "CRT\CRT.vcxproj", "{3B695EF1-E0A7-422E-83B0-E3EBF25EE09B}"
EndProject
Project("{8BC9CEB8-8B4A-11D0-8D11-00A0C91BC942}") = "HAL", "HAL\HAL.vcxproj", "{2F6BE744-88A2-4597-8724-9FA95725D6BD}"
EndProject
Project("{8BC9CEB8-8B4A-11D0-8D11-00A0C91BC942}") = "System", "System\System.vcxproj", "{E977ECFC-8390-4525-AA43-DB400305B8E3}"
	ProjectSection(ProjectDependencies) = postProject
		{8F47A45C-FDBE-42CC-8120-E10A0ECB938E} = {8F47A45C-FDBE-42CC-8120-E10A0ECB938E}
		{3B695EF1-E0A7-422E-83B0-E3EBF25EE09B} = {3B695EF1-E0A7-422E-83B0-E3EBF25EE09B}
	EndProjectSection
EndProject
Project("{2150E333-8FDC-42A3-9474-1A3956D46DE8}") = "Libraries", "Libraries", "{B0A03BB8-F212-46DB-9BC7-F3403C5C2A71}"
EndProject
Project("{2150E333-8FDC-42A3-9474-1A3956D46DE8}") = "Tools", "Tools", "{7F005AC3-89DD-42BF-AFD0-5A99E1F63932}"
EndProject
Project("{2150E333-8FDC-42A3-9474-1A3956D46DE8}") = "Applications", "Applications", "{EE715A70-41B4-4E2E-B961-0B2755AC8767}"
EndProject
Project("{8BC9CEB8-8B4A-11D0-8D11-00A0C91BC942}") = "SQLite", "[Libraries]\SQLite\SQLite.vcxproj", "{95C8F8D7-3435-4E51-BC01-3E11BD9D346D}"
	ProjectSection(ProjectDependencies) = postProject
		{3B695EF1-E0A7-422E-83B0-E3EBF25EE09B} = {3B695EF1-E0A7-422E-83B0-E3EBF25EE09B}
		{E977ECFC-8390-4525-AA43-DB400305B8E3} = {E977ECFC-8390-4525-AA43-DB400305B8E3}
	EndProjectSection
EndProject
Project("{8BC9CEB8-8B4A-11D0-8D11-00A0C91BC942}") = "Shell", "[Applications]\Shell\Shell.vcxproj", "{8CC054B8-7255-4940-8A73-659FF50A8074}"
	ProjectSection(ProjectDependencies) = postProject
		{E977ECFC-8390-4525-AA43-DB400305B8E3} = {E977ECFC-8390-4525-AA43-DB400305B8E3}
	EndProjectSection
EndProject
Project("{8BC9CEB8-8B4A-11D0-8D11-00A0C91BC942}") = "ZLib", "[Libraries]\ZLib\ZLib.vcxproj", "{851B6333-9AB8-438D-BF2A-9D26ADBABFA9}"
	ProjectSection(ProjectDependencies) = postProject
		{3B695EF1-E0A7-422E-83B0-E3EBF25EE09B} = {3B695EF1-E0A7-422E-83B0-E3EBF25EE09B}
		{E977ECFC-8390-4525-AA43-DB400305B8E3} = {E977ECFC-8390-4525-AA43-DB400305B8E3}
	EndProjectSection
EndProject
Project("{2150E333-8FDC-42A3-9474-1A3956D46DE8}") = "Mono", "Mono", "{197D0EEB-E6F1-4C42-8304-19D6A3BBE946}"
EndProject
Project("{8BC9CEB8-8B4A-11D0-8D11-00A0C91BC942}") = "eglib", "[Libraries]\Mono\eglib\eglib.vcxproj", "{6AB70602-D712-4F92-9260-13E408F04FD1}"
	ProjectSection(ProjectDependencies) = postProject
		{3331DCD5-A009-4D35-A5C7-C5C0A4CD1F46} = {3331DCD5-A009-4D35-A5C7-C5C0A4CD1F46}
	EndProjectSection
EndProject
Project("{8BC9CEB8-8B4A-11D0-8D11-00A0C91BC942}") = "LibC", "[Libraries]\LibC\LibC.vcxproj", "{3331DCD5-A009-4D35-A5C7-C5C0A4CD1F46}"
EndProject
Project("{8BC9CEB8-8B4A-11D0-8D11-00A0C91BC942}") = "libgc", "[Libraries]\Mono\libgc\libgc.vcxproj", "{5B79FC48-3557-4CD8-B1B2-86913D441AD5}"
	ProjectSection(ProjectDependencies) = postProject
		{3331DCD5-A009-4D35-A5C7-C5C0A4CD1F46} = {3331DCD5-A009-4D35-A5C7-C5C0A4CD1F46}
	EndProjectSection
EndProject
Project("{8BC9CEB8-8B4A-11D0-8D11-00A0C91BC942}") = "libmonoruntime", "[Libraries]\Mono\libmonoruntime\libmonoruntime.vcxproj", "{4B4DA7F3-F4B7-4A31-BA70-E796CFD40FE3}"
	ProjectSection(ProjectDependencies) = postProject
		{3331DCD5-A009-4D35-A5C7-C5C0A4CD1F46} = {3331DCD5-A009-4D35-A5C7-C5C0A4CD1F46}
	EndProjectSection
EndProject
Project("{8BC9CEB8-8B4A-11D0-8D11-00A0C91BC942}") = "libmonoutils", "[Libraries]\Mono\libmonoutils\libmonoutils.vcxproj", "{29274D5A-C077-4081-B722-EE82F99B215E}"
	ProjectSection(ProjectDependencies) = postProject
		{3331DCD5-A009-4D35-A5C7-C5C0A4CD1F46} = {3331DCD5-A009-4D35-A5C7-C5C0A4CD1F46}
	EndProjectSection
EndProject
Project("{8BC9CEB8-8B4A-11D0-8D11-00A0C91BC942}") = "genmdesc", "[Libraries]\Mono\genmdesc\genmdesc.vcxproj", "{A17CED28-718E-4B59-BCE7-828C1BA17B9E}"
	ProjectSection(ProjectDependencies) = postProject
		{6AB70602-D712-4F92-9260-13E408F04FD1} = {6AB70602-D712-4F92-9260-13E408F04FD1}
		{29274D5A-C077-4081-B722-EE82F99B215E} = {29274D5A-C077-4081-B722-EE82F99B215E}
		{3331DCD5-A009-4D35-A5C7-C5C0A4CD1F46} = {3331DCD5-A009-4D35-A5C7-C5C0A4CD1F46}
	EndProjectSection
EndProject
Project("{8BC9CEB8-8B4A-11D0-8D11-00A0C91BC942}") = "libmono", "[Libraries]\Mono\libmono\libmono.vcxproj", "{BB1C2C62-D992-442C-89E8-AEEC5477FA8C}"
	ProjectSection(ProjectDependencies) = postProject
		{A17CED28-718E-4B59-BCE7-828C1BA17B9E} = {A17CED28-718E-4B59-BCE7-828C1BA17B9E}
		{5B79FC48-3557-4CD8-B1B2-86913D441AD5} = {5B79FC48-3557-4CD8-B1B2-86913D441AD5}
		{29274D5A-C077-4081-B722-EE82F99B215E} = {29274D5A-C077-4081-B722-EE82F99B215E}
		{3331DCD5-A009-4D35-A5C7-C5C0A4CD1F46} = {3331DCD5-A009-4D35-A5C7-C5C0A4CD1F46}
		{4B4DA7F3-F4B7-4A31-BA70-E796CFD40FE3} = {4B4DA7F3-F4B7-4A31-BA70-E796CFD40FE3}
	EndProjectSection
EndProject
Project("{8BC9CEB8-8B4A-11D0-8D11-00A0C91BC942}") = "mono", "[Libraries]\Mono\mono\mono.vcxproj", "{AF7AEE49-2F45-41D0-BF5A-799D60F10728}"
	ProjectSection(ProjectDependencies) = postProject
		{6AB70602-D712-4F92-9260-13E408F04FD1} = {6AB70602-D712-4F92-9260-13E408F04FD1}
		{BB1C2C62-D992-442C-89E8-AEEC5477FA8C} = {BB1C2C62-D992-442C-89E8-AEEC5477FA8C}
		{3331DCD5-A009-4D35-A5C7-C5C0A4CD1F46} = {3331DCD5-A009-4D35-A5C7-C5C0A4CD1F46}
	EndProjectSection
EndProject
Project("{8BC9CEB8-8B4A-11D0-8D11-00A0C91BC942}") = "LibPNG", "[Libraries]\LibPNG\LibPNG.vcxproj", "{6127CFAB-011B-4240-BF52-2286F8DFF5EA}"
	ProjectSection(ProjectDependencies) = postProject
		{851B6333-9AB8-438D-BF2A-9D26ADBABFA9} = {851B6333-9AB8-438D-BF2A-9D26ADBABFA9}
	EndProjectSection
EndProject
Project("{8BC9CEB8-8B4A-11D0-8D11-00A0C91BC942}") = "LibXML", "[Libraries]\LibXML\LibXML.vcxproj", "{167F1024-B9FA-4907-8378-FF84DBD1AB75}"
EndProject
Project("{FAE04EC0-301F-11D3-BF4B-00C04F79EFBC}") = "Tools.Parser", "[Tools]\Tools.Parser\Tools.Parser.csproj", "{EA918F08-5AA4-4B2D-9E0A-87F07335256A}"
EndProject
Project("{FAE04EC0-301F-11D3-BF4B-00C04F79EFBC}") = "Tools.Generators.PreBuild", "[Tools]\Tools.Generators.PreBuild\Tools.Generators.PreBuild.csproj", "{8F47A45C-FDBE-42CC-8120-E10A0ECB938E}"
EndProject
Project("{FAE04EC0-301F-11D3-BF4B-00C04F79EFBC}") = "Tools.Generators.PostBuild", "[Tools]\Tools.Generators.PostBuild\Tools.Generators.PostBuild.csproj", "{ED375CD0-522F-4DE0-B59F-6F4B267A40C0}"
EndProject
Project("{8BC9CEB8-8B4A-11D0-8D11-00A0C91BC942}") = "Tests", "Tests\Tests.vcxproj", "{83FE41CB-5F19-4368-8DC6-2438AD0703BB}"
EndProject
Project("{FAE04EC0-301F-11D3-BF4B-00C04F79EFBC}") = "Tools.Debugger.Standalone", "[Tools]\Tools.Debugger.Standalone\Tools.Debugger.Standalone.csproj", "{380783F9-463C-4DC4-96D7-95BB4D7910E2}"
	ProjectSection(ProjectDependencies) = postProject
		{B3006351-8D6B-40D4-82F9-0BAE059075D6} = {B3006351-8D6B-40D4-82F9-0BAE059075D6}
	EndProjectSection
EndProject
Project("{2150E333-8FDC-42A3-9474-1A3956D46DE8}") = "Libraries", "Libraries", "{2E9B211B-DC44-4088-A78A-95D6670289EA}"
EndProject
Project("{FAE04EC0-301F-11D3-BF4B-00C04F79EFBC}") = "Tools.Gdb", "[Tools]\[Libraries]\Tools.Gdb\Tools.Gdb.csproj", "{A7DD2C3B-760C-4575-B13E-D7000AC630D6}"
EndProject
Project("{FAE04EC0-301F-11D3-BF4B-00C04F79EFBC}") = "Tools.VisualStudio", "[Tools]\[Libraries]\Tools.VisualStudio\Tools.VisualStudio.csproj", "{3824E9C8-D4DA-4CAC-BD96-6D758248D32E}"
EndProject
Project("{8BC9CEB8-8B4A-11D0-8D11-00A0C91BC942}") = "Default", "[Applications]\Default\Default.vcxproj", "{300BB729-71D0-4177-821F-1A559B8CB621}"
	ProjectSection(ProjectDependencies) = postProject
		{E977ECFC-8390-4525-AA43-DB400305B8E3} = {E977ECFC-8390-4525-AA43-DB400305B8E3}
	EndProjectSection
EndProject
Project("{8BC9CEB8-8B4A-11D0-8D11-00A0C91BC942}") = "FreeType", "[Libraries]\FreeType\FreeType.vcxproj", "{E56A2DBB-A291-4BA6-8649-CD124101BE71}"
EndProject
Project("{FAE04EC0-301F-11D3-BF4B-00C04F79EFBC}") = "SharpFont", "[Tools]\[Libraries]\SharpFont\SharpFont.csproj", "{C293DB32-FA42-486D-B128-5A12522FAE4E}"
EndProject
Project("{FAE04EC0-301F-11D3-BF4B-00C04F79EFBC}") = "Tools.Generators.Fonts", "[Tools]\Tools.Generators.Fonts\Tools.Generators.Fonts.csproj", "{DCA62416-1A8D-4803-8023-494B221990F0}"
EndProject
Project("{8BC9CEB8-8B4A-11D0-8D11-00A0C91BC942}") = "Windows", "[Applications]\Windows\Windows.vcxproj", "{69077FF0-3A9A-4212-81DA-44146A598190}"
	ProjectSection(ProjectDependencies) = postProject
		{851B6333-9AB8-438D-BF2A-9D26ADBABFA9} = {851B6333-9AB8-438D-BF2A-9D26ADBABFA9}
		{64DE7C99-F065-4741-9F99-34293861A202} = {64DE7C99-F065-4741-9F99-34293861A202}
		{6127CFAB-011B-4240-BF52-2286F8DFF5EA} = {6127CFAB-011B-4240-BF52-2286F8DFF5EA}
		{E977ECFC-8390-4525-AA43-DB400305B8E3} = {E977ECFC-8390-4525-AA43-DB400305B8E3}
	EndProjectSection
EndProject
Project("{FAE04EC0-301F-11D3-BF4B-00C04F79EFBC}") = "Tools.VirtualMachine", "[Tools]\[Libraries]\Tools.VirtualMachine\Tools.VirtualMachine.csproj", "{ADF54CEF-56C7-459D-B0BF-4BF6020A0AFC}"
EndProject
Project("{8BC9CEB8-8B4A-11D0-8D11-00A0C91BC942}") = "Basics", "[Libraries]\Basics\Basics.vcxproj", "{64DE7C99-F065-4741-9F99-34293861A202}"
	ProjectSection(ProjectDependencies) = postProject
		{E977ECFC-8390-4525-AA43-DB400305B8E3} = {E977ECFC-8390-4525-AA43-DB400305B8E3}
	EndProjectSection
EndProject
Project("{D954291E-2A0B-460D-934E-DC6B0785DB48}") = "Tools.Common", "[Tools]\Tools.Common\Tools.Common.shproj", "{98BE6D10-68A5-41C1-A716-08E08A4F2FD3}"
EndProject
Project("{FAE04EC0-301F-11D3-BF4B-00C04F79EFBC}") = "Tools.Debugger", "[Tools]\Tools.Debugger\Tools.Debugger.csproj", "{E1EC6099-65DC-41BB-AE01-5D5E39CB3807}"
EndProject
Project("{FAE04EC0-301F-11D3-BF4B-00C04F79EFBC}") = "Tools.Debugger.VSIX", "[Tools]\Tools.Debugger.VSIX\Tools.Debugger.VSIX.csproj", "{615ABA92-FE5D-4EC3-BE21-75238EB04109}"
EndProject
Global
	GlobalSection(SharedMSBuildProjectFiles) = preSolution
		[Tools]\Tools.Common\Tools.Common.projitems*{380783f9-463c-4dc4-96d7-95bb4d7910e2}*SharedItemsImports = 4
		[Tools]\Tools.Common\Tools.Common.projitems*{8f47a45c-fdbe-42cc-8120-e10a0ecb938e}*SharedItemsImports = 4
		[Tools]\Tools.Common\Tools.Common.projitems*{98be6d10-68a5-41c1-a716-08e08a4f2fd3}*SharedItemsImports = 13
		[Tools]\Tools.Common\Tools.Common.projitems*{adf54cef-56c7-459d-b0bf-4bf6020a0afc}*SharedItemsImports = 4
		[Tools]\Tools.Common\Tools.Common.projitems*{dca62416-1a8d-4803-8023-494b221990f0}*SharedItemsImports = 4
		[Tools]\Tools.Common\Tools.Common.projitems*{ed375cd0-522f-4de0-b59f-6f4b267a40c0}*SharedItemsImports = 4
	EndGlobalSection
	GlobalSection(SolutionConfigurationPlatforms) = preSolution
		Debug|Any CPU = Debug|Any CPU
		Debug|ARM = Debug|ARM
		Debug|x64 = Debug|x64
		Debug|x86 = Debug|x86
		Kernel|Any CPU = Kernel|Any CPU
		Kernel|ARM = Kernel|ARM
		Kernel|x64 = Kernel|x64
		Kernel|x86 = Kernel|x86
		Release|Any CPU = Release|Any CPU
		Release|ARM = Release|ARM
		Release|x64 = Release|x64
		Release|x86 = Release|x86
		Windows|Any CPU = Windows|Any CPU
		Windows|ARM = Windows|ARM
		Windows|x64 = Windows|x64
		Windows|x86 = Windows|x86
	EndGlobalSection
	GlobalSection(ProjectConfigurationPlatforms) = postSolution
		{B3006351-8D6B-40D4-82F9-0BAE059075D6}.Debug|Any CPU.ActiveCfg = Debug|Win32
		{B3006351-8D6B-40D4-82F9-0BAE059075D6}.Debug|ARM.ActiveCfg = Debug|ARM
		{B3006351-8D6B-40D4-82F9-0BAE059075D6}.Debug|ARM.Build.0 = Debug|ARM
		{B3006351-8D6B-40D4-82F9-0BAE059075D6}.Debug|x64.ActiveCfg = Debug|x64
		{B3006351-8D6B-40D4-82F9-0BAE059075D6}.Debug|x64.Build.0 = Debug|x64
		{B3006351-8D6B-40D4-82F9-0BAE059075D6}.Debug|x86.ActiveCfg = Debug|Win32
		{B3006351-8D6B-40D4-82F9-0BAE059075D6}.Debug|x86.Build.0 = Debug|Win32
		{B3006351-8D6B-40D4-82F9-0BAE059075D6}.Kernel|Any CPU.ActiveCfg = Release|x64
		{B3006351-8D6B-40D4-82F9-0BAE059075D6}.Kernel|Any CPU.Build.0 = Release|x64
		{B3006351-8D6B-40D4-82F9-0BAE059075D6}.Kernel|ARM.ActiveCfg = Debug|ARM
		{B3006351-8D6B-40D4-82F9-0BAE059075D6}.Kernel|ARM.Build.0 = Debug|ARM
		{B3006351-8D6B-40D4-82F9-0BAE059075D6}.Kernel|x64.ActiveCfg = Debug|x64
		{B3006351-8D6B-40D4-82F9-0BAE059075D6}.Kernel|x64.Build.0 = Debug|x64
		{B3006351-8D6B-40D4-82F9-0BAE059075D6}.Kernel|x86.ActiveCfg = Debug|Win32
		{B3006351-8D6B-40D4-82F9-0BAE059075D6}.Kernel|x86.Build.0 = Debug|Win32
		{B3006351-8D6B-40D4-82F9-0BAE059075D6}.Release|Any CPU.ActiveCfg = Release|Win32
		{B3006351-8D6B-40D4-82F9-0BAE059075D6}.Release|ARM.ActiveCfg = Release|ARM
		{B3006351-8D6B-40D4-82F9-0BAE059075D6}.Release|ARM.Build.0 = Release|ARM
		{B3006351-8D6B-40D4-82F9-0BAE059075D6}.Release|x64.ActiveCfg = Release|x64
		{B3006351-8D6B-40D4-82F9-0BAE059075D6}.Release|x64.Build.0 = Release|x64
		{B3006351-8D6B-40D4-82F9-0BAE059075D6}.Release|x86.ActiveCfg = Release|Win32
		{B3006351-8D6B-40D4-82F9-0BAE059075D6}.Release|x86.Build.0 = Release|Win32
		{B3006351-8D6B-40D4-82F9-0BAE059075D6}.Windows|Any CPU.ActiveCfg = Release|x64
		{B3006351-8D6B-40D4-82F9-0BAE059075D6}.Windows|Any CPU.Build.0 = Release|x64
		{B3006351-8D6B-40D4-82F9-0BAE059075D6}.Windows|ARM.ActiveCfg = Debug|ARM
		{B3006351-8D6B-40D4-82F9-0BAE059075D6}.Windows|x64.ActiveCfg = Debug|x64
		{B3006351-8D6B-40D4-82F9-0BAE059075D6}.Windows|x86.ActiveCfg = Debug|Win32
		{B3006351-8D6B-40D4-82F9-0BAE059075D6}.Windows|x86.Deploy.0 = Debug|Win32
		{3B695EF1-E0A7-422E-83B0-E3EBF25EE09B}.Debug|Any CPU.ActiveCfg = Debug|Win32
		{3B695EF1-E0A7-422E-83B0-E3EBF25EE09B}.Debug|ARM.ActiveCfg = Debug|ARM
		{3B695EF1-E0A7-422E-83B0-E3EBF25EE09B}.Debug|ARM.Build.0 = Debug|ARM
		{3B695EF1-E0A7-422E-83B0-E3EBF25EE09B}.Debug|x64.ActiveCfg = Debug|x64
		{3B695EF1-E0A7-422E-83B0-E3EBF25EE09B}.Debug|x64.Build.0 = Debug|x64
		{3B695EF1-E0A7-422E-83B0-E3EBF25EE09B}.Debug|x86.ActiveCfg = Debug|Win32
		{3B695EF1-E0A7-422E-83B0-E3EBF25EE09B}.Debug|x86.Build.0 = Debug|Win32
		{3B695EF1-E0A7-422E-83B0-E3EBF25EE09B}.Kernel|Any CPU.ActiveCfg = Release|x64
		{3B695EF1-E0A7-422E-83B0-E3EBF25EE09B}.Kernel|Any CPU.Build.0 = Release|x64
		{3B695EF1-E0A7-422E-83B0-E3EBF25EE09B}.Kernel|ARM.ActiveCfg = Debug|ARM
		{3B695EF1-E0A7-422E-83B0-E3EBF25EE09B}.Kernel|ARM.Build.0 = Debug|ARM
		{3B695EF1-E0A7-422E-83B0-E3EBF25EE09B}.Kernel|x64.ActiveCfg = Debug|x64
		{3B695EF1-E0A7-422E-83B0-E3EBF25EE09B}.Kernel|x64.Build.0 = Debug|x64
		{3B695EF1-E0A7-422E-83B0-E3EBF25EE09B}.Kernel|x86.ActiveCfg = Debug|Win32
		{3B695EF1-E0A7-422E-83B0-E3EBF25EE09B}.Kernel|x86.Build.0 = Debug|Win32
		{3B695EF1-E0A7-422E-83B0-E3EBF25EE09B}.Kernel|x86.Deploy.0 = Debug|Win32
		{3B695EF1-E0A7-422E-83B0-E3EBF25EE09B}.Release|Any CPU.ActiveCfg = Release|Win32
		{3B695EF1-E0A7-422E-83B0-E3EBF25EE09B}.Release|ARM.ActiveCfg = Release|ARM
		{3B695EF1-E0A7-422E-83B0-E3EBF25EE09B}.Release|ARM.Build.0 = Release|ARM
		{3B695EF1-E0A7-422E-83B0-E3EBF25EE09B}.Release|x64.ActiveCfg = Release|x64
		{3B695EF1-E0A7-422E-83B0-E3EBF25EE09B}.Release|x64.Build.0 = Release|x64
		{3B695EF1-E0A7-422E-83B0-E3EBF25EE09B}.Release|x86.ActiveCfg = Release|Win32
		{3B695EF1-E0A7-422E-83B0-E3EBF25EE09B}.Release|x86.Build.0 = Release|Win32
		{3B695EF1-E0A7-422E-83B0-E3EBF25EE09B}.Windows|Any CPU.ActiveCfg = Release|x64
		{3B695EF1-E0A7-422E-83B0-E3EBF25EE09B}.Windows|Any CPU.Build.0 = Release|x64
		{3B695EF1-E0A7-422E-83B0-E3EBF25EE09B}.Windows|ARM.ActiveCfg = Debug|ARM
		{3B695EF1-E0A7-422E-83B0-E3EBF25EE09B}.Windows|ARM.Build.0 = Debug|ARM
		{3B695EF1-E0A7-422E-83B0-E3EBF25EE09B}.Windows|x64.ActiveCfg = Debug|x64
		{3B695EF1-E0A7-422E-83B0-E3EBF25EE09B}.Windows|x64.Build.0 = Debug|x64
		{3B695EF1-E0A7-422E-83B0-E3EBF25EE09B}.Windows|x86.ActiveCfg = Debug|Win32
		{3B695EF1-E0A7-422E-83B0-E3EBF25EE09B}.Windows|x86.Deploy.0 = Debug|Win32
		{2F6BE744-88A2-4597-8724-9FA95725D6BD}.Debug|Any CPU.ActiveCfg = Debug|Win32
		{2F6BE744-88A2-4597-8724-9FA95725D6BD}.Debug|ARM.ActiveCfg = Debug|ARM
		{2F6BE744-88A2-4597-8724-9FA95725D6BD}.Debug|ARM.Build.0 = Debug|ARM
		{2F6BE744-88A2-4597-8724-9FA95725D6BD}.Debug|x64.ActiveCfg = Debug|x64
		{2F6BE744-88A2-4597-8724-9FA95725D6BD}.Debug|x64.Build.0 = Debug|x64
		{2F6BE744-88A2-4597-8724-9FA95725D6BD}.Debug|x86.ActiveCfg = Debug|Win32
		{2F6BE744-88A2-4597-8724-9FA95725D6BD}.Debug|x86.Build.0 = Debug|Win32
		{2F6BE744-88A2-4597-8724-9FA95725D6BD}.Kernel|Any CPU.ActiveCfg = Release|x64
		{2F6BE744-88A2-4597-8724-9FA95725D6BD}.Kernel|Any CPU.Build.0 = Release|x64
		{2F6BE744-88A2-4597-8724-9FA95725D6BD}.Kernel|ARM.ActiveCfg = Debug|ARM
		{2F6BE744-88A2-4597-8724-9FA95725D6BD}.Kernel|ARM.Build.0 = Debug|ARM
		{2F6BE744-88A2-4597-8724-9FA95725D6BD}.Kernel|x64.ActiveCfg = Debug|x64
		{2F6BE744-88A2-4597-8724-9FA95725D6BD}.Kernel|x64.Build.0 = Debug|x64
		{2F6BE744-88A2-4597-8724-9FA95725D6BD}.Kernel|x86.ActiveCfg = Debug|Win32
		{2F6BE744-88A2-4597-8724-9FA95725D6BD}.Kernel|x86.Build.0 = Debug|Win32
		{2F6BE744-88A2-4597-8724-9FA95725D6BD}.Kernel|x86.Deploy.0 = Debug|Win32
		{2F6BE744-88A2-4597-8724-9FA95725D6BD}.Release|Any CPU.ActiveCfg = Release|Win32
		{2F6BE744-88A2-4597-8724-9FA95725D6BD}.Release|ARM.ActiveCfg = Release|ARM
		{2F6BE744-88A2-4597-8724-9FA95725D6BD}.Release|ARM.Build.0 = Release|ARM
		{2F6BE744-88A2-4597-8724-9FA95725D6BD}.Release|x64.ActiveCfg = Release|x64
		{2F6BE744-88A2-4597-8724-9FA95725D6BD}.Release|x64.Build.0 = Release|x64
		{2F6BE744-88A2-4597-8724-9FA95725D6BD}.Release|x86.ActiveCfg = Release|Win32
		{2F6BE744-88A2-4597-8724-9FA95725D6BD}.Release|x86.Build.0 = Release|Win32
		{2F6BE744-88A2-4597-8724-9FA95725D6BD}.Windows|Any CPU.ActiveCfg = Release|x64
		{2F6BE744-88A2-4597-8724-9FA95725D6BD}.Windows|Any CPU.Build.0 = Release|x64
		{2F6BE744-88A2-4597-8724-9FA95725D6BD}.Windows|ARM.ActiveCfg = Debug|ARM
		{2F6BE744-88A2-4597-8724-9FA95725D6BD}.Windows|x64.ActiveCfg = Debug|x64
		{2F6BE744-88A2-4597-8724-9FA95725D6BD}.Windows|x86.ActiveCfg = Debug|Win32
		{2F6BE744-88A2-4597-8724-9FA95725D6BD}.Windows|x86.Deploy.0 = Debug|Win32
		{E977ECFC-8390-4525-AA43-DB400305B8E3}.Debug|Any CPU.ActiveCfg = Windows|Win32
		{E977ECFC-8390-4525-AA43-DB400305B8E3}.Debug|Any CPU.Build.0 = Windows|Win32
		{E977ECFC-8390-4525-AA43-DB400305B8E3}.Debug|ARM.ActiveCfg = Windows|ARM
		{E977ECFC-8390-4525-AA43-DB400305B8E3}.Debug|ARM.Build.0 = Windows|ARM
		{E977ECFC-8390-4525-AA43-DB400305B8E3}.Debug|x64.ActiveCfg = Windows|x64
		{E977ECFC-8390-4525-AA43-DB400305B8E3}.Debug|x64.Build.0 = Windows|x64
		{E977ECFC-8390-4525-AA43-DB400305B8E3}.Debug|x86.ActiveCfg = Windows|Win32
		{E977ECFC-8390-4525-AA43-DB400305B8E3}.Debug|x86.Build.0 = Windows|Win32
		{E977ECFC-8390-4525-AA43-DB400305B8E3}.Kernel|Any CPU.ActiveCfg = Kernel|Win32
		{E977ECFC-8390-4525-AA43-DB400305B8E3}.Kernel|ARM.ActiveCfg = Kernel|ARM
		{E977ECFC-8390-4525-AA43-DB400305B8E3}.Kernel|ARM.Build.0 = Kernel|ARM
		{E977ECFC-8390-4525-AA43-DB400305B8E3}.Kernel|x64.ActiveCfg = Kernel|x64
		{E977ECFC-8390-4525-AA43-DB400305B8E3}.Kernel|x64.Build.0 = Kernel|x64
		{E977ECFC-8390-4525-AA43-DB400305B8E3}.Kernel|x86.ActiveCfg = Kernel|Win32
		{E977ECFC-8390-4525-AA43-DB400305B8E3}.Kernel|x86.Build.0 = Kernel|Win32
		{E977ECFC-8390-4525-AA43-DB400305B8E3}.Release|Any CPU.ActiveCfg = Windows|Win32
		{E977ECFC-8390-4525-AA43-DB400305B8E3}.Release|Any CPU.Build.0 = Windows|Win32
		{E977ECFC-8390-4525-AA43-DB400305B8E3}.Release|ARM.ActiveCfg = Windows|ARM
		{E977ECFC-8390-4525-AA43-DB400305B8E3}.Release|ARM.Build.0 = Windows|ARM
		{E977ECFC-8390-4525-AA43-DB400305B8E3}.Release|x64.ActiveCfg = Windows|x64
		{E977ECFC-8390-4525-AA43-DB400305B8E3}.Release|x64.Build.0 = Windows|x64
		{E977ECFC-8390-4525-AA43-DB400305B8E3}.Release|x86.ActiveCfg = Windows|Win32
		{E977ECFC-8390-4525-AA43-DB400305B8E3}.Release|x86.Build.0 = Windows|Win32
		{E977ECFC-8390-4525-AA43-DB400305B8E3}.Windows|Any CPU.ActiveCfg = Windows|Win32
		{E977ECFC-8390-4525-AA43-DB400305B8E3}.Windows|ARM.ActiveCfg = Windows|ARM
		{E977ECFC-8390-4525-AA43-DB400305B8E3}.Windows|ARM.Build.0 = Windows|ARM
		{E977ECFC-8390-4525-AA43-DB400305B8E3}.Windows|x64.ActiveCfg = Windows|x64
		{E977ECFC-8390-4525-AA43-DB400305B8E3}.Windows|x64.Build.0 = Windows|x64
		{E977ECFC-8390-4525-AA43-DB400305B8E3}.Windows|x86.ActiveCfg = Windows|Win32
		{E977ECFC-8390-4525-AA43-DB400305B8E3}.Windows|x86.Build.0 = Windows|Win32
		{E977ECFC-8390-4525-AA43-DB400305B8E3}.Windows|x86.Deploy.0 = Windows|Win32
		{95C8F8D7-3435-4E51-BC01-3E11BD9D346D}.Debug|Any CPU.ActiveCfg = Debug|Win32
		{95C8F8D7-3435-4E51-BC01-3E11BD9D346D}.Debug|ARM.ActiveCfg = Debug|ARM
		{95C8F8D7-3435-4E51-BC01-3E11BD9D346D}.Debug|ARM.Build.0 = Debug|ARM
		{95C8F8D7-3435-4E51-BC01-3E11BD9D346D}.Debug|x64.ActiveCfg = Debug|x64
		{95C8F8D7-3435-4E51-BC01-3E11BD9D346D}.Debug|x64.Build.0 = Debug|x64
		{95C8F8D7-3435-4E51-BC01-3E11BD9D346D}.Debug|x86.ActiveCfg = Debug|Win32
		{95C8F8D7-3435-4E51-BC01-3E11BD9D346D}.Debug|x86.Build.0 = Debug|Win32
		{95C8F8D7-3435-4E51-BC01-3E11BD9D346D}.Kernel|Any CPU.ActiveCfg = Release|x64
		{95C8F8D7-3435-4E51-BC01-3E11BD9D346D}.Kernel|Any CPU.Build.0 = Release|x64
		{95C8F8D7-3435-4E51-BC01-3E11BD9D346D}.Kernel|ARM.ActiveCfg = Debug|ARM
		{95C8F8D7-3435-4E51-BC01-3E11BD9D346D}.Kernel|ARM.Build.0 = Debug|ARM
		{95C8F8D7-3435-4E51-BC01-3E11BD9D346D}.Kernel|x64.ActiveCfg = Debug|x64
		{95C8F8D7-3435-4E51-BC01-3E11BD9D346D}.Kernel|x64.Build.0 = Debug|x64
		{95C8F8D7-3435-4E51-BC01-3E11BD9D346D}.Kernel|x86.ActiveCfg = Debug|Win32
		{95C8F8D7-3435-4E51-BC01-3E11BD9D346D}.Kernel|x86.Build.0 = Debug|Win32
		{95C8F8D7-3435-4E51-BC01-3E11BD9D346D}.Kernel|x86.Deploy.0 = Debug|Win32
		{95C8F8D7-3435-4E51-BC01-3E11BD9D346D}.Release|Any CPU.ActiveCfg = Release|Win32
		{95C8F8D7-3435-4E51-BC01-3E11BD9D346D}.Release|ARM.ActiveCfg = Release|ARM
		{95C8F8D7-3435-4E51-BC01-3E11BD9D346D}.Release|ARM.Build.0 = Release|ARM
		{95C8F8D7-3435-4E51-BC01-3E11BD9D346D}.Release|x64.ActiveCfg = Release|x64
		{95C8F8D7-3435-4E51-BC01-3E11BD9D346D}.Release|x64.Build.0 = Release|x64
		{95C8F8D7-3435-4E51-BC01-3E11BD9D346D}.Release|x86.ActiveCfg = Release|Win32
		{95C8F8D7-3435-4E51-BC01-3E11BD9D346D}.Release|x86.Build.0 = Release|Win32
		{95C8F8D7-3435-4E51-BC01-3E11BD9D346D}.Windows|Any CPU.ActiveCfg = Release|x64
		{95C8F8D7-3435-4E51-BC01-3E11BD9D346D}.Windows|Any CPU.Build.0 = Release|x64
		{95C8F8D7-3435-4E51-BC01-3E11BD9D346D}.Windows|ARM.ActiveCfg = Debug|ARM
		{95C8F8D7-3435-4E51-BC01-3E11BD9D346D}.Windows|ARM.Build.0 = Debug|ARM
		{95C8F8D7-3435-4E51-BC01-3E11BD9D346D}.Windows|x64.ActiveCfg = Debug|x64
		{95C8F8D7-3435-4E51-BC01-3E11BD9D346D}.Windows|x64.Build.0 = Debug|x64
		{95C8F8D7-3435-4E51-BC01-3E11BD9D346D}.Windows|x86.ActiveCfg = Debug|Win32
		{95C8F8D7-3435-4E51-BC01-3E11BD9D346D}.Windows|x86.Build.0 = Debug|Win32
		{95C8F8D7-3435-4E51-BC01-3E11BD9D346D}.Windows|x86.Deploy.0 = Debug|Win32
		{8CC054B8-7255-4940-8A73-659FF50A8074}.Debug|Any CPU.ActiveCfg = Debug|Win32
		{8CC054B8-7255-4940-8A73-659FF50A8074}.Debug|ARM.ActiveCfg = Debug|ARM
		{8CC054B8-7255-4940-8A73-659FF50A8074}.Debug|ARM.Build.0 = Debug|ARM
		{8CC054B8-7255-4940-8A73-659FF50A8074}.Debug|x64.ActiveCfg = Debug|x64
		{8CC054B8-7255-4940-8A73-659FF50A8074}.Debug|x64.Build.0 = Debug|x64
		{8CC054B8-7255-4940-8A73-659FF50A8074}.Debug|x86.ActiveCfg = Debug|Win32
		{8CC054B8-7255-4940-8A73-659FF50A8074}.Debug|x86.Build.0 = Debug|Win32
		{8CC054B8-7255-4940-8A73-659FF50A8074}.Kernel|Any CPU.ActiveCfg = Release|x64
		{8CC054B8-7255-4940-8A73-659FF50A8074}.Kernel|Any CPU.Build.0 = Release|x64
		{8CC054B8-7255-4940-8A73-659FF50A8074}.Kernel|ARM.ActiveCfg = Debug|ARM
		{8CC054B8-7255-4940-8A73-659FF50A8074}.Kernel|ARM.Build.0 = Debug|ARM
		{8CC054B8-7255-4940-8A73-659FF50A8074}.Kernel|x64.ActiveCfg = Debug|x64
		{8CC054B8-7255-4940-8A73-659FF50A8074}.Kernel|x64.Build.0 = Debug|x64
		{8CC054B8-7255-4940-8A73-659FF50A8074}.Kernel|x86.ActiveCfg = Debug|Win32
		{8CC054B8-7255-4940-8A73-659FF50A8074}.Kernel|x86.Deploy.0 = Debug|Win32
		{8CC054B8-7255-4940-8A73-659FF50A8074}.Release|Any CPU.ActiveCfg = Release|Win32
		{8CC054B8-7255-4940-8A73-659FF50A8074}.Release|ARM.ActiveCfg = Release|ARM
		{8CC054B8-7255-4940-8A73-659FF50A8074}.Release|ARM.Build.0 = Release|ARM
		{8CC054B8-7255-4940-8A73-659FF50A8074}.Release|x64.ActiveCfg = Release|x64
		{8CC054B8-7255-4940-8A73-659FF50A8074}.Release|x64.Build.0 = Release|x64
		{8CC054B8-7255-4940-8A73-659FF50A8074}.Release|x86.ActiveCfg = Release|Win32
		{8CC054B8-7255-4940-8A73-659FF50A8074}.Release|x86.Build.0 = Release|Win32
		{8CC054B8-7255-4940-8A73-659FF50A8074}.Windows|Any CPU.ActiveCfg = Release|x64
		{8CC054B8-7255-4940-8A73-659FF50A8074}.Windows|Any CPU.Build.0 = Release|x64
		{8CC054B8-7255-4940-8A73-659FF50A8074}.Windows|ARM.ActiveCfg = Debug|ARM
		{8CC054B8-7255-4940-8A73-659FF50A8074}.Windows|ARM.Build.0 = Debug|ARM
		{8CC054B8-7255-4940-8A73-659FF50A8074}.Windows|x64.ActiveCfg = Debug|x64
		{8CC054B8-7255-4940-8A73-659FF50A8074}.Windows|x64.Build.0 = Debug|x64
		{8CC054B8-7255-4940-8A73-659FF50A8074}.Windows|x86.ActiveCfg = Debug|Win32
		{8CC054B8-7255-4940-8A73-659FF50A8074}.Windows|x86.Deploy.0 = Debug|Win32
		{851B6333-9AB8-438D-BF2A-9D26ADBABFA9}.Debug|Any CPU.ActiveCfg = Debug|Win32
		{851B6333-9AB8-438D-BF2A-9D26ADBABFA9}.Debug|ARM.ActiveCfg = Debug|ARM
		{851B6333-9AB8-438D-BF2A-9D26ADBABFA9}.Debug|ARM.Build.0 = Debug|ARM
		{851B6333-9AB8-438D-BF2A-9D26ADBABFA9}.Debug|x64.ActiveCfg = Debug|x64
		{851B6333-9AB8-438D-BF2A-9D26ADBABFA9}.Debug|x64.Build.0 = Debug|x64
		{851B6333-9AB8-438D-BF2A-9D26ADBABFA9}.Debug|x86.ActiveCfg = Debug|Win32
		{851B6333-9AB8-438D-BF2A-9D26ADBABFA9}.Debug|x86.Build.0 = Debug|Win32
		{851B6333-9AB8-438D-BF2A-9D26ADBABFA9}.Kernel|Any CPU.ActiveCfg = Release|x64
		{851B6333-9AB8-438D-BF2A-9D26ADBABFA9}.Kernel|Any CPU.Build.0 = Release|x64
		{851B6333-9AB8-438D-BF2A-9D26ADBABFA9}.Kernel|ARM.ActiveCfg = Debug|ARM
		{851B6333-9AB8-438D-BF2A-9D26ADBABFA9}.Kernel|ARM.Build.0 = Debug|ARM
		{851B6333-9AB8-438D-BF2A-9D26ADBABFA9}.Kernel|x64.ActiveCfg = Debug|x64
		{851B6333-9AB8-438D-BF2A-9D26ADBABFA9}.Kernel|x64.Build.0 = Debug|x64
		{851B6333-9AB8-438D-BF2A-9D26ADBABFA9}.Kernel|x86.ActiveCfg = Debug|Win32
		{851B6333-9AB8-438D-BF2A-9D26ADBABFA9}.Kernel|x86.Build.0 = Debug|Win32
		{851B6333-9AB8-438D-BF2A-9D26ADBABFA9}.Release|Any CPU.ActiveCfg = Release|Win32
		{851B6333-9AB8-438D-BF2A-9D26ADBABFA9}.Release|ARM.ActiveCfg = Release|ARM
		{851B6333-9AB8-438D-BF2A-9D26ADBABFA9}.Release|ARM.Build.0 = Release|ARM
		{851B6333-9AB8-438D-BF2A-9D26ADBABFA9}.Release|x64.ActiveCfg = Release|x64
		{851B6333-9AB8-438D-BF2A-9D26ADBABFA9}.Release|x64.Build.0 = Release|x64
		{851B6333-9AB8-438D-BF2A-9D26ADBABFA9}.Release|x86.ActiveCfg = Release|Win32
		{851B6333-9AB8-438D-BF2A-9D26ADBABFA9}.Release|x86.Build.0 = Release|Win32
		{851B6333-9AB8-438D-BF2A-9D26ADBABFA9}.Windows|Any CPU.ActiveCfg = Release|x64
		{851B6333-9AB8-438D-BF2A-9D26ADBABFA9}.Windows|Any CPU.Build.0 = Release|x64
		{851B6333-9AB8-438D-BF2A-9D26ADBABFA9}.Windows|ARM.ActiveCfg = Debug|ARM
		{851B6333-9AB8-438D-BF2A-9D26ADBABFA9}.Windows|ARM.Build.0 = Debug|ARM
		{851B6333-9AB8-438D-BF2A-9D26ADBABFA9}.Windows|x64.ActiveCfg = Debug|x64
		{851B6333-9AB8-438D-BF2A-9D26ADBABFA9}.Windows|x64.Build.0 = Debug|x64
		{851B6333-9AB8-438D-BF2A-9D26ADBABFA9}.Windows|x86.ActiveCfg = Debug|Win32
		{851B6333-9AB8-438D-BF2A-9D26ADBABFA9}.Windows|x86.Build.0 = Debug|Win32
		{6AB70602-D712-4F92-9260-13E408F04FD1}.Debug|Any CPU.ActiveCfg = Debug|Win32
		{6AB70602-D712-4F92-9260-13E408F04FD1}.Debug|ARM.ActiveCfg = Debug|ARM
		{6AB70602-D712-4F92-9260-13E408F04FD1}.Debug|ARM.Build.0 = Debug|ARM
		{6AB70602-D712-4F92-9260-13E408F04FD1}.Debug|x64.ActiveCfg = Debug|x64
		{6AB70602-D712-4F92-9260-13E408F04FD1}.Debug|x64.Build.0 = Debug|x64
		{6AB70602-D712-4F92-9260-13E408F04FD1}.Debug|x86.ActiveCfg = Debug|Win32
		{6AB70602-D712-4F92-9260-13E408F04FD1}.Debug|x86.Build.0 = Debug|Win32
		{6AB70602-D712-4F92-9260-13E408F04FD1}.Kernel|Any CPU.ActiveCfg = Release|x64
		{6AB70602-D712-4F92-9260-13E408F04FD1}.Kernel|Any CPU.Build.0 = Release|x64
		{6AB70602-D712-4F92-9260-13E408F04FD1}.Kernel|ARM.ActiveCfg = Debug|ARM
		{6AB70602-D712-4F92-9260-13E408F04FD1}.Kernel|ARM.Build.0 = Debug|ARM
		{6AB70602-D712-4F92-9260-13E408F04FD1}.Kernel|x64.ActiveCfg = Debug|x64
		{6AB70602-D712-4F92-9260-13E408F04FD1}.Kernel|x64.Build.0 = Debug|x64
		{6AB70602-D712-4F92-9260-13E408F04FD1}.Kernel|x86.ActiveCfg = Debug|Win32
		{6AB70602-D712-4F92-9260-13E408F04FD1}.Release|Any CPU.ActiveCfg = Release|Win32
		{6AB70602-D712-4F92-9260-13E408F04FD1}.Release|ARM.ActiveCfg = Release|ARM
		{6AB70602-D712-4F92-9260-13E408F04FD1}.Release|ARM.Build.0 = Release|ARM
		{6AB70602-D712-4F92-9260-13E408F04FD1}.Release|x64.ActiveCfg = Release|x64
		{6AB70602-D712-4F92-9260-13E408F04FD1}.Release|x64.Build.0 = Release|x64
		{6AB70602-D712-4F92-9260-13E408F04FD1}.Release|x86.ActiveCfg = Release|Win32
		{6AB70602-D712-4F92-9260-13E408F04FD1}.Release|x86.Build.0 = Release|Win32
		{6AB70602-D712-4F92-9260-13E408F04FD1}.Windows|Any CPU.ActiveCfg = Release|x64
		{6AB70602-D712-4F92-9260-13E408F04FD1}.Windows|Any CPU.Build.0 = Release|x64
		{6AB70602-D712-4F92-9260-13E408F04FD1}.Windows|ARM.ActiveCfg = Debug|ARM
		{6AB70602-D712-4F92-9260-13E408F04FD1}.Windows|ARM.Build.0 = Debug|ARM
		{6AB70602-D712-4F92-9260-13E408F04FD1}.Windows|x64.ActiveCfg = Debug|x64
		{6AB70602-D712-4F92-9260-13E408F04FD1}.Windows|x64.Build.0 = Debug|x64
		{6AB70602-D712-4F92-9260-13E408F04FD1}.Windows|x86.ActiveCfg = Debug|Win32
		{3331DCD5-A009-4D35-A5C7-C5C0A4CD1F46}.Debug|Any CPU.ActiveCfg = Debug|Win32
		{3331DCD5-A009-4D35-A5C7-C5C0A4CD1F46}.Debug|ARM.ActiveCfg = Debug|ARM
		{3331DCD5-A009-4D35-A5C7-C5C0A4CD1F46}.Debug|ARM.Build.0 = Debug|ARM
		{3331DCD5-A009-4D35-A5C7-C5C0A4CD1F46}.Debug|x64.ActiveCfg = Debug|x64
		{3331DCD5-A009-4D35-A5C7-C5C0A4CD1F46}.Debug|x64.Build.0 = Debug|x64
		{3331DCD5-A009-4D35-A5C7-C5C0A4CD1F46}.Debug|x86.ActiveCfg = Debug|Win32
		{3331DCD5-A009-4D35-A5C7-C5C0A4CD1F46}.Debug|x86.Build.0 = Debug|Win32
		{3331DCD5-A009-4D35-A5C7-C5C0A4CD1F46}.Kernel|Any CPU.ActiveCfg = Release|x64
		{3331DCD5-A009-4D35-A5C7-C5C0A4CD1F46}.Kernel|Any CPU.Build.0 = Release|x64
		{3331DCD5-A009-4D35-A5C7-C5C0A4CD1F46}.Kernel|ARM.ActiveCfg = Debug|ARM
		{3331DCD5-A009-4D35-A5C7-C5C0A4CD1F46}.Kernel|ARM.Build.0 = Debug|ARM
		{3331DCD5-A009-4D35-A5C7-C5C0A4CD1F46}.Kernel|x64.ActiveCfg = Debug|x64
		{3331DCD5-A009-4D35-A5C7-C5C0A4CD1F46}.Kernel|x64.Build.0 = Debug|x64
		{3331DCD5-A009-4D35-A5C7-C5C0A4CD1F46}.Kernel|x86.ActiveCfg = Debug|Win32
		{3331DCD5-A009-4D35-A5C7-C5C0A4CD1F46}.Kernel|x86.Build.0 = Debug|Win32
		{3331DCD5-A009-4D35-A5C7-C5C0A4CD1F46}.Release|Any CPU.ActiveCfg = Release|Win32
		{3331DCD5-A009-4D35-A5C7-C5C0A4CD1F46}.Release|ARM.ActiveCfg = Release|ARM
		{3331DCD5-A009-4D35-A5C7-C5C0A4CD1F46}.Release|ARM.Build.0 = Release|ARM
		{3331DCD5-A009-4D35-A5C7-C5C0A4CD1F46}.Release|x64.ActiveCfg = Release|x64
		{3331DCD5-A009-4D35-A5C7-C5C0A4CD1F46}.Release|x64.Build.0 = Release|x64
		{3331DCD5-A009-4D35-A5C7-C5C0A4CD1F46}.Release|x86.ActiveCfg = Release|Win32
		{3331DCD5-A009-4D35-A5C7-C5C0A4CD1F46}.Release|x86.Build.0 = Release|Win32
		{3331DCD5-A009-4D35-A5C7-C5C0A4CD1F46}.Windows|Any CPU.ActiveCfg = Release|x64
		{3331DCD5-A009-4D35-A5C7-C5C0A4CD1F46}.Windows|Any CPU.Build.0 = Release|x64
		{3331DCD5-A009-4D35-A5C7-C5C0A4CD1F46}.Windows|ARM.ActiveCfg = Debug|ARM
		{3331DCD5-A009-4D35-A5C7-C5C0A4CD1F46}.Windows|ARM.Build.0 = Debug|ARM
		{3331DCD5-A009-4D35-A5C7-C5C0A4CD1F46}.Windows|x64.ActiveCfg = Debug|x64
		{3331DCD5-A009-4D35-A5C7-C5C0A4CD1F46}.Windows|x64.Build.0 = Debug|x64
		{3331DCD5-A009-4D35-A5C7-C5C0A4CD1F46}.Windows|x86.ActiveCfg = Debug|Win32
		{5B79FC48-3557-4CD8-B1B2-86913D441AD5}.Debug|Any CPU.ActiveCfg = Debug|Win32
		{5B79FC48-3557-4CD8-B1B2-86913D441AD5}.Debug|ARM.ActiveCfg = Debug|ARM
		{5B79FC48-3557-4CD8-B1B2-86913D441AD5}.Debug|ARM.Build.0 = Debug|ARM
		{5B79FC48-3557-4CD8-B1B2-86913D441AD5}.Debug|x64.ActiveCfg = Debug|x64
		{5B79FC48-3557-4CD8-B1B2-86913D441AD5}.Debug|x64.Build.0 = Debug|x64
		{5B79FC48-3557-4CD8-B1B2-86913D441AD5}.Debug|x86.ActiveCfg = Debug|Win32
		{5B79FC48-3557-4CD8-B1B2-86913D441AD5}.Debug|x86.Build.0 = Debug|Win32
		{5B79FC48-3557-4CD8-B1B2-86913D441AD5}.Kernel|Any CPU.ActiveCfg = Release|Win32
		{5B79FC48-3557-4CD8-B1B2-86913D441AD5}.Kernel|Any CPU.Build.0 = Release|Win32
		{5B79FC48-3557-4CD8-B1B2-86913D441AD5}.Kernel|ARM.ActiveCfg = Debug|ARM
		{5B79FC48-3557-4CD8-B1B2-86913D441AD5}.Kernel|ARM.Build.0 = Debug|ARM
		{5B79FC48-3557-4CD8-B1B2-86913D441AD5}.Kernel|x64.ActiveCfg = Debug|x64
		{5B79FC48-3557-4CD8-B1B2-86913D441AD5}.Kernel|x64.Build.0 = Debug|x64
		{5B79FC48-3557-4CD8-B1B2-86913D441AD5}.Kernel|x86.ActiveCfg = Debug|Win32
		{5B79FC48-3557-4CD8-B1B2-86913D441AD5}.Release|Any CPU.ActiveCfg = Release|Win32
		{5B79FC48-3557-4CD8-B1B2-86913D441AD5}.Release|ARM.ActiveCfg = Release|ARM
		{5B79FC48-3557-4CD8-B1B2-86913D441AD5}.Release|ARM.Build.0 = Release|ARM
		{5B79FC48-3557-4CD8-B1B2-86913D441AD5}.Release|x64.ActiveCfg = Release|x64
		{5B79FC48-3557-4CD8-B1B2-86913D441AD5}.Release|x64.Build.0 = Release|x64
		{5B79FC48-3557-4CD8-B1B2-86913D441AD5}.Release|x86.ActiveCfg = Release|Win32
		{5B79FC48-3557-4CD8-B1B2-86913D441AD5}.Release|x86.Build.0 = Release|Win32
		{5B79FC48-3557-4CD8-B1B2-86913D441AD5}.Windows|Any CPU.ActiveCfg = Release|Win32
		{5B79FC48-3557-4CD8-B1B2-86913D441AD5}.Windows|Any CPU.Build.0 = Release|Win32
		{5B79FC48-3557-4CD8-B1B2-86913D441AD5}.Windows|ARM.ActiveCfg = Release|ARM
		{5B79FC48-3557-4CD8-B1B2-86913D441AD5}.Windows|ARM.Build.0 = Release|ARM
		{5B79FC48-3557-4CD8-B1B2-86913D441AD5}.Windows|x64.ActiveCfg = Release|x64
		{5B79FC48-3557-4CD8-B1B2-86913D441AD5}.Windows|x64.Build.0 = Release|x64
		{5B79FC48-3557-4CD8-B1B2-86913D441AD5}.Windows|x86.ActiveCfg = Debug|Win32
		{4B4DA7F3-F4B7-4A31-BA70-E796CFD40FE3}.Debug|Any CPU.ActiveCfg = Debug|Win32
		{4B4DA7F3-F4B7-4A31-BA70-E796CFD40FE3}.Debug|ARM.ActiveCfg = Debug|ARM
		{4B4DA7F3-F4B7-4A31-BA70-E796CFD40FE3}.Debug|ARM.Build.0 = Debug|ARM
		{4B4DA7F3-F4B7-4A31-BA70-E796CFD40FE3}.Debug|x64.ActiveCfg = Debug|x64
		{4B4DA7F3-F4B7-4A31-BA70-E796CFD40FE3}.Debug|x64.Build.0 = Debug|x64
		{4B4DA7F3-F4B7-4A31-BA70-E796CFD40FE3}.Debug|x86.ActiveCfg = Debug|Win32
		{4B4DA7F3-F4B7-4A31-BA70-E796CFD40FE3}.Debug|x86.Build.0 = Debug|Win32
		{4B4DA7F3-F4B7-4A31-BA70-E796CFD40FE3}.Kernel|Any CPU.ActiveCfg = Release|Win32
		{4B4DA7F3-F4B7-4A31-BA70-E796CFD40FE3}.Kernel|Any CPU.Build.0 = Release|Win32
		{4B4DA7F3-F4B7-4A31-BA70-E796CFD40FE3}.Kernel|ARM.ActiveCfg = Debug|ARM
		{4B4DA7F3-F4B7-4A31-BA70-E796CFD40FE3}.Kernel|ARM.Build.0 = Debug|ARM
		{4B4DA7F3-F4B7-4A31-BA70-E796CFD40FE3}.Kernel|x64.ActiveCfg = Debug|x64
		{4B4DA7F3-F4B7-4A31-BA70-E796CFD40FE3}.Kernel|x64.Build.0 = Debug|x64
		{4B4DA7F3-F4B7-4A31-BA70-E796CFD40FE3}.Kernel|x86.ActiveCfg = Debug|Win32
		{4B4DA7F3-F4B7-4A31-BA70-E796CFD40FE3}.Release|Any CPU.ActiveCfg = Release|Win32
		{4B4DA7F3-F4B7-4A31-BA70-E796CFD40FE3}.Release|ARM.ActiveCfg = Release|ARM
		{4B4DA7F3-F4B7-4A31-BA70-E796CFD40FE3}.Release|ARM.Build.0 = Release|ARM
		{4B4DA7F3-F4B7-4A31-BA70-E796CFD40FE3}.Release|x64.ActiveCfg = Release|x64
		{4B4DA7F3-F4B7-4A31-BA70-E796CFD40FE3}.Release|x64.Build.0 = Release|x64
		{4B4DA7F3-F4B7-4A31-BA70-E796CFD40FE3}.Release|x86.ActiveCfg = Release|Win32
		{4B4DA7F3-F4B7-4A31-BA70-E796CFD40FE3}.Release|x86.Build.0 = Release|Win32
		{4B4DA7F3-F4B7-4A31-BA70-E796CFD40FE3}.Windows|Any CPU.ActiveCfg = Release|Win32
		{4B4DA7F3-F4B7-4A31-BA70-E796CFD40FE3}.Windows|Any CPU.Build.0 = Release|Win32
		{4B4DA7F3-F4B7-4A31-BA70-E796CFD40FE3}.Windows|ARM.ActiveCfg = Release|ARM
		{4B4DA7F3-F4B7-4A31-BA70-E796CFD40FE3}.Windows|ARM.Build.0 = Release|ARM
		{4B4DA7F3-F4B7-4A31-BA70-E796CFD40FE3}.Windows|x64.ActiveCfg = Release|x64
		{4B4DA7F3-F4B7-4A31-BA70-E796CFD40FE3}.Windows|x64.Build.0 = Release|x64
		{4B4DA7F3-F4B7-4A31-BA70-E796CFD40FE3}.Windows|x86.ActiveCfg = Debug|Win32
		{29274D5A-C077-4081-B722-EE82F99B215E}.Debug|Any CPU.ActiveCfg = Debug|Win32
		{29274D5A-C077-4081-B722-EE82F99B215E}.Debug|ARM.ActiveCfg = Debug|ARM
		{29274D5A-C077-4081-B722-EE82F99B215E}.Debug|ARM.Build.0 = Debug|ARM
		{29274D5A-C077-4081-B722-EE82F99B215E}.Debug|x64.ActiveCfg = Debug|x64
		{29274D5A-C077-4081-B722-EE82F99B215E}.Debug|x64.Build.0 = Debug|x64
		{29274D5A-C077-4081-B722-EE82F99B215E}.Debug|x86.ActiveCfg = Debug|Win32
		{29274D5A-C077-4081-B722-EE82F99B215E}.Debug|x86.Build.0 = Debug|Win32
		{29274D5A-C077-4081-B722-EE82F99B215E}.Kernel|Any CPU.ActiveCfg = Release|Win32
		{29274D5A-C077-4081-B722-EE82F99B215E}.Kernel|Any CPU.Build.0 = Release|Win32
		{29274D5A-C077-4081-B722-EE82F99B215E}.Kernel|ARM.ActiveCfg = Debug|ARM
		{29274D5A-C077-4081-B722-EE82F99B215E}.Kernel|ARM.Build.0 = Debug|ARM
		{29274D5A-C077-4081-B722-EE82F99B215E}.Kernel|x64.ActiveCfg = Debug|x64
		{29274D5A-C077-4081-B722-EE82F99B215E}.Kernel|x64.Build.0 = Debug|x64
		{29274D5A-C077-4081-B722-EE82F99B215E}.Kernel|x86.ActiveCfg = Debug|Win32
		{29274D5A-C077-4081-B722-EE82F99B215E}.Release|Any CPU.ActiveCfg = Release|Win32
		{29274D5A-C077-4081-B722-EE82F99B215E}.Release|ARM.ActiveCfg = Release|ARM
		{29274D5A-C077-4081-B722-EE82F99B215E}.Release|ARM.Build.0 = Release|ARM
		{29274D5A-C077-4081-B722-EE82F99B215E}.Release|x64.ActiveCfg = Release|x64
		{29274D5A-C077-4081-B722-EE82F99B215E}.Release|x64.Build.0 = Release|x64
		{29274D5A-C077-4081-B722-EE82F99B215E}.Release|x86.ActiveCfg = Release|Win32
		{29274D5A-C077-4081-B722-EE82F99B215E}.Release|x86.Build.0 = Release|Win32
		{29274D5A-C077-4081-B722-EE82F99B215E}.Windows|Any CPU.ActiveCfg = Release|Win32
		{29274D5A-C077-4081-B722-EE82F99B215E}.Windows|Any CPU.Build.0 = Release|Win32
		{29274D5A-C077-4081-B722-EE82F99B215E}.Windows|ARM.ActiveCfg = Release|ARM
		{29274D5A-C077-4081-B722-EE82F99B215E}.Windows|ARM.Build.0 = Release|ARM
		{29274D5A-C077-4081-B722-EE82F99B215E}.Windows|x64.ActiveCfg = Release|x64
		{29274D5A-C077-4081-B722-EE82F99B215E}.Windows|x64.Build.0 = Release|x64
		{29274D5A-C077-4081-B722-EE82F99B215E}.Windows|x86.ActiveCfg = Debug|Win32
		{A17CED28-718E-4B59-BCE7-828C1BA17B9E}.Debug|Any CPU.ActiveCfg = Debug|Win32
		{A17CED28-718E-4B59-BCE7-828C1BA17B9E}.Debug|ARM.ActiveCfg = Debug|ARM
		{A17CED28-718E-4B59-BCE7-828C1BA17B9E}.Debug|ARM.Build.0 = Debug|ARM
		{A17CED28-718E-4B59-BCE7-828C1BA17B9E}.Debug|x64.ActiveCfg = Debug|x64
		{A17CED28-718E-4B59-BCE7-828C1BA17B9E}.Debug|x64.Build.0 = Debug|x64
		{A17CED28-718E-4B59-BCE7-828C1BA17B9E}.Debug|x86.ActiveCfg = Debug|Win32
		{A17CED28-718E-4B59-BCE7-828C1BA17B9E}.Debug|x86.Build.0 = Debug|Win32
		{A17CED28-718E-4B59-BCE7-828C1BA17B9E}.Kernel|Any CPU.ActiveCfg = Release|Win32
		{A17CED28-718E-4B59-BCE7-828C1BA17B9E}.Kernel|Any CPU.Build.0 = Release|Win32
		{A17CED28-718E-4B59-BCE7-828C1BA17B9E}.Kernel|ARM.ActiveCfg = Debug|ARM
		{A17CED28-718E-4B59-BCE7-828C1BA17B9E}.Kernel|ARM.Build.0 = Debug|ARM
		{A17CED28-718E-4B59-BCE7-828C1BA17B9E}.Kernel|x64.ActiveCfg = Debug|x64
		{A17CED28-718E-4B59-BCE7-828C1BA17B9E}.Kernel|x64.Build.0 = Debug|x64
		{A17CED28-718E-4B59-BCE7-828C1BA17B9E}.Kernel|x86.ActiveCfg = Debug|Win32
		{A17CED28-718E-4B59-BCE7-828C1BA17B9E}.Release|Any CPU.ActiveCfg = Release|Win32
		{A17CED28-718E-4B59-BCE7-828C1BA17B9E}.Release|ARM.ActiveCfg = Release|ARM
		{A17CED28-718E-4B59-BCE7-828C1BA17B9E}.Release|ARM.Build.0 = Release|ARM
		{A17CED28-718E-4B59-BCE7-828C1BA17B9E}.Release|x64.ActiveCfg = Release|x64
		{A17CED28-718E-4B59-BCE7-828C1BA17B9E}.Release|x64.Build.0 = Release|x64
		{A17CED28-718E-4B59-BCE7-828C1BA17B9E}.Release|x86.ActiveCfg = Release|Win32
		{A17CED28-718E-4B59-BCE7-828C1BA17B9E}.Release|x86.Build.0 = Release|Win32
		{A17CED28-718E-4B59-BCE7-828C1BA17B9E}.Windows|Any CPU.ActiveCfg = Release|Win32
		{A17CED28-718E-4B59-BCE7-828C1BA17B9E}.Windows|Any CPU.Build.0 = Release|Win32
		{A17CED28-718E-4B59-BCE7-828C1BA17B9E}.Windows|ARM.ActiveCfg = Release|ARM
		{A17CED28-718E-4B59-BCE7-828C1BA17B9E}.Windows|ARM.Build.0 = Release|ARM
		{A17CED28-718E-4B59-BCE7-828C1BA17B9E}.Windows|x64.ActiveCfg = Release|x64
		{A17CED28-718E-4B59-BCE7-828C1BA17B9E}.Windows|x64.Build.0 = Release|x64
		{A17CED28-718E-4B59-BCE7-828C1BA17B9E}.Windows|x86.ActiveCfg = Debug|Win32
		{BB1C2C62-D992-442C-89E8-AEEC5477FA8C}.Debug|Any CPU.ActiveCfg = Debug|Win32
		{BB1C2C62-D992-442C-89E8-AEEC5477FA8C}.Debug|ARM.ActiveCfg = Debug|ARM
		{BB1C2C62-D992-442C-89E8-AEEC5477FA8C}.Debug|ARM.Build.0 = Debug|ARM
		{BB1C2C62-D992-442C-89E8-AEEC5477FA8C}.Debug|x64.ActiveCfg = Debug|x64
		{BB1C2C62-D992-442C-89E8-AEEC5477FA8C}.Debug|x64.Build.0 = Debug|x64
		{BB1C2C62-D992-442C-89E8-AEEC5477FA8C}.Debug|x86.ActiveCfg = Debug|Win32
		{BB1C2C62-D992-442C-89E8-AEEC5477FA8C}.Debug|x86.Build.0 = Debug|Win32
		{BB1C2C62-D992-442C-89E8-AEEC5477FA8C}.Kernel|Any CPU.ActiveCfg = Release|Win32
		{BB1C2C62-D992-442C-89E8-AEEC5477FA8C}.Kernel|Any CPU.Build.0 = Release|Win32
		{BB1C2C62-D992-442C-89E8-AEEC5477FA8C}.Kernel|ARM.ActiveCfg = Debug|ARM
		{BB1C2C62-D992-442C-89E8-AEEC5477FA8C}.Kernel|ARM.Build.0 = Debug|ARM
		{BB1C2C62-D992-442C-89E8-AEEC5477FA8C}.Kernel|x64.ActiveCfg = Debug|x64
		{BB1C2C62-D992-442C-89E8-AEEC5477FA8C}.Kernel|x64.Build.0 = Debug|x64
		{BB1C2C62-D992-442C-89E8-AEEC5477FA8C}.Kernel|x86.ActiveCfg = Debug|Win32
		{BB1C2C62-D992-442C-89E8-AEEC5477FA8C}.Release|Any CPU.ActiveCfg = Release|Win32
		{BB1C2C62-D992-442C-89E8-AEEC5477FA8C}.Release|ARM.ActiveCfg = Release|ARM
		{BB1C2C62-D992-442C-89E8-AEEC5477FA8C}.Release|ARM.Build.0 = Release|ARM
		{BB1C2C62-D992-442C-89E8-AEEC5477FA8C}.Release|x64.ActiveCfg = Release|x64
		{BB1C2C62-D992-442C-89E8-AEEC5477FA8C}.Release|x64.Build.0 = Release|x64
		{BB1C2C62-D992-442C-89E8-AEEC5477FA8C}.Release|x86.ActiveCfg = Release|Win32
		{BB1C2C62-D992-442C-89E8-AEEC5477FA8C}.Release|x86.Build.0 = Release|Win32
		{BB1C2C62-D992-442C-89E8-AEEC5477FA8C}.Windows|Any CPU.ActiveCfg = Release|Win32
		{BB1C2C62-D992-442C-89E8-AEEC5477FA8C}.Windows|Any CPU.Build.0 = Release|Win32
		{BB1C2C62-D992-442C-89E8-AEEC5477FA8C}.Windows|ARM.ActiveCfg = Release|ARM
		{BB1C2C62-D992-442C-89E8-AEEC5477FA8C}.Windows|ARM.Build.0 = Release|ARM
		{BB1C2C62-D992-442C-89E8-AEEC5477FA8C}.Windows|x64.ActiveCfg = Release|x64
		{BB1C2C62-D992-442C-89E8-AEEC5477FA8C}.Windows|x64.Build.0 = Release|x64
		{BB1C2C62-D992-442C-89E8-AEEC5477FA8C}.Windows|x86.ActiveCfg = Debug|Win32
		{AF7AEE49-2F45-41D0-BF5A-799D60F10728}.Debug|Any CPU.ActiveCfg = Debug|Win32
		{AF7AEE49-2F45-41D0-BF5A-799D60F10728}.Debug|ARM.ActiveCfg = Debug|ARM
		{AF7AEE49-2F45-41D0-BF5A-799D60F10728}.Debug|ARM.Build.0 = Debug|ARM
		{AF7AEE49-2F45-41D0-BF5A-799D60F10728}.Debug|x64.ActiveCfg = Debug|x64
		{AF7AEE49-2F45-41D0-BF5A-799D60F10728}.Debug|x64.Build.0 = Debug|x64
		{AF7AEE49-2F45-41D0-BF5A-799D60F10728}.Debug|x86.ActiveCfg = Debug|Win32
		{AF7AEE49-2F45-41D0-BF5A-799D60F10728}.Debug|x86.Build.0 = Debug|Win32
		{AF7AEE49-2F45-41D0-BF5A-799D60F10728}.Kernel|Any CPU.ActiveCfg = Release|Win32
		{AF7AEE49-2F45-41D0-BF5A-799D60F10728}.Kernel|Any CPU.Build.0 = Release|Win32
		{AF7AEE49-2F45-41D0-BF5A-799D60F10728}.Kernel|ARM.ActiveCfg = Debug|ARM
		{AF7AEE49-2F45-41D0-BF5A-799D60F10728}.Kernel|ARM.Build.0 = Debug|ARM
		{AF7AEE49-2F45-41D0-BF5A-799D60F10728}.Kernel|x64.ActiveCfg = Debug|x64
		{AF7AEE49-2F45-41D0-BF5A-799D60F10728}.Kernel|x64.Build.0 = Debug|x64
		{AF7AEE49-2F45-41D0-BF5A-799D60F10728}.Kernel|x86.ActiveCfg = Debug|Win32
		{AF7AEE49-2F45-41D0-BF5A-799D60F10728}.Kernel|x86.Build.0 = Debug|Win32
		{AF7AEE49-2F45-41D0-BF5A-799D60F10728}.Release|Any CPU.ActiveCfg = Release|Win32
		{AF7AEE49-2F45-41D0-BF5A-799D60F10728}.Release|ARM.ActiveCfg = Release|ARM
		{AF7AEE49-2F45-41D0-BF5A-799D60F10728}.Release|ARM.Build.0 = Release|ARM
		{AF7AEE49-2F45-41D0-BF5A-799D60F10728}.Release|x64.ActiveCfg = Release|x64
		{AF7AEE49-2F45-41D0-BF5A-799D60F10728}.Release|x64.Build.0 = Release|x64
		{AF7AEE49-2F45-41D0-BF5A-799D60F10728}.Release|x86.ActiveCfg = Release|Win32
		{AF7AEE49-2F45-41D0-BF5A-799D60F10728}.Release|x86.Build.0 = Release|Win32
		{AF7AEE49-2F45-41D0-BF5A-799D60F10728}.Windows|Any CPU.ActiveCfg = Release|Win32
		{AF7AEE49-2F45-41D0-BF5A-799D60F10728}.Windows|Any CPU.Build.0 = Release|Win32
		{AF7AEE49-2F45-41D0-BF5A-799D60F10728}.Windows|ARM.ActiveCfg = Release|ARM
		{AF7AEE49-2F45-41D0-BF5A-799D60F10728}.Windows|ARM.Build.0 = Release|ARM
		{AF7AEE49-2F45-41D0-BF5A-799D60F10728}.Windows|x64.ActiveCfg = Release|x64
		{AF7AEE49-2F45-41D0-BF5A-799D60F10728}.Windows|x64.Build.0 = Release|x64
		{AF7AEE49-2F45-41D0-BF5A-799D60F10728}.Windows|x86.ActiveCfg = Debug|Win32
		{6127CFAB-011B-4240-BF52-2286F8DFF5EA}.Debug|Any CPU.ActiveCfg = Debug|Win32
		{6127CFAB-011B-4240-BF52-2286F8DFF5EA}.Debug|ARM.ActiveCfg = Debug|ARM
		{6127CFAB-011B-4240-BF52-2286F8DFF5EA}.Debug|ARM.Build.0 = Debug|ARM
		{6127CFAB-011B-4240-BF52-2286F8DFF5EA}.Debug|x64.ActiveCfg = Debug|x64
		{6127CFAB-011B-4240-BF52-2286F8DFF5EA}.Debug|x64.Build.0 = Debug|x64
		{6127CFAB-011B-4240-BF52-2286F8DFF5EA}.Debug|x86.ActiveCfg = Debug|Win32
		{6127CFAB-011B-4240-BF52-2286F8DFF5EA}.Debug|x86.Build.0 = Debug|Win32
		{6127CFAB-011B-4240-BF52-2286F8DFF5EA}.Kernel|Any CPU.ActiveCfg = Release|x64
		{6127CFAB-011B-4240-BF52-2286F8DFF5EA}.Kernel|Any CPU.Build.0 = Release|x64
		{6127CFAB-011B-4240-BF52-2286F8DFF5EA}.Kernel|ARM.ActiveCfg = Debug|ARM
		{6127CFAB-011B-4240-BF52-2286F8DFF5EA}.Kernel|ARM.Build.0 = Debug|ARM
		{6127CFAB-011B-4240-BF52-2286F8DFF5EA}.Kernel|x64.ActiveCfg = Debug|x64
		{6127CFAB-011B-4240-BF52-2286F8DFF5EA}.Kernel|x64.Build.0 = Debug|x64
		{6127CFAB-011B-4240-BF52-2286F8DFF5EA}.Kernel|x86.ActiveCfg = Debug|Win32
		{6127CFAB-011B-4240-BF52-2286F8DFF5EA}.Kernel|x86.Build.0 = Debug|Win32
		{6127CFAB-011B-4240-BF52-2286F8DFF5EA}.Release|Any CPU.ActiveCfg = Release|Win32
		{6127CFAB-011B-4240-BF52-2286F8DFF5EA}.Release|ARM.ActiveCfg = Release|ARM
		{6127CFAB-011B-4240-BF52-2286F8DFF5EA}.Release|ARM.Build.0 = Release|ARM
		{6127CFAB-011B-4240-BF52-2286F8DFF5EA}.Release|x64.ActiveCfg = Release|x64
		{6127CFAB-011B-4240-BF52-2286F8DFF5EA}.Release|x64.Build.0 = Release|x64
		{6127CFAB-011B-4240-BF52-2286F8DFF5EA}.Release|x86.ActiveCfg = Release|Win32
		{6127CFAB-011B-4240-BF52-2286F8DFF5EA}.Release|x86.Build.0 = Release|Win32
		{6127CFAB-011B-4240-BF52-2286F8DFF5EA}.Windows|Any CPU.ActiveCfg = Release|x64
		{6127CFAB-011B-4240-BF52-2286F8DFF5EA}.Windows|Any CPU.Build.0 = Release|x64
		{6127CFAB-011B-4240-BF52-2286F8DFF5EA}.Windows|ARM.ActiveCfg = Debug|ARM
		{6127CFAB-011B-4240-BF52-2286F8DFF5EA}.Windows|ARM.Build.0 = Debug|ARM
		{6127CFAB-011B-4240-BF52-2286F8DFF5EA}.Windows|x64.ActiveCfg = Debug|x64
		{6127CFAB-011B-4240-BF52-2286F8DFF5EA}.Windows|x64.Build.0 = Debug|x64
		{6127CFAB-011B-4240-BF52-2286F8DFF5EA}.Windows|x86.ActiveCfg = Debug|Win32
		{6127CFAB-011B-4240-BF52-2286F8DFF5EA}.Windows|x86.Build.0 = Debug|Win32
		{167F1024-B9FA-4907-8378-FF84DBD1AB75}.Debug|Any CPU.ActiveCfg = Debug|Win32
		{167F1024-B9FA-4907-8378-FF84DBD1AB75}.Debug|ARM.ActiveCfg = Debug|ARM
		{167F1024-B9FA-4907-8378-FF84DBD1AB75}.Debug|ARM.Build.0 = Debug|ARM
		{167F1024-B9FA-4907-8378-FF84DBD1AB75}.Debug|x64.ActiveCfg = Debug|x64
		{167F1024-B9FA-4907-8378-FF84DBD1AB75}.Debug|x64.Build.0 = Debug|x64
		{167F1024-B9FA-4907-8378-FF84DBD1AB75}.Debug|x86.ActiveCfg = Debug|Win32
		{167F1024-B9FA-4907-8378-FF84DBD1AB75}.Debug|x86.Build.0 = Debug|Win32
		{167F1024-B9FA-4907-8378-FF84DBD1AB75}.Kernel|Any CPU.ActiveCfg = Release|Win32
		{167F1024-B9FA-4907-8378-FF84DBD1AB75}.Kernel|Any CPU.Build.0 = Release|Win32
		{167F1024-B9FA-4907-8378-FF84DBD1AB75}.Kernel|ARM.ActiveCfg = Debug|ARM
		{167F1024-B9FA-4907-8378-FF84DBD1AB75}.Kernel|ARM.Build.0 = Debug|ARM
		{167F1024-B9FA-4907-8378-FF84DBD1AB75}.Kernel|x64.ActiveCfg = Debug|x64
		{167F1024-B9FA-4907-8378-FF84DBD1AB75}.Kernel|x64.Build.0 = Debug|x64
		{167F1024-B9FA-4907-8378-FF84DBD1AB75}.Kernel|x86.ActiveCfg = Debug|Win32
		{167F1024-B9FA-4907-8378-FF84DBD1AB75}.Kernel|x86.Build.0 = Debug|Win32
		{167F1024-B9FA-4907-8378-FF84DBD1AB75}.Release|Any CPU.ActiveCfg = Release|Win32
		{167F1024-B9FA-4907-8378-FF84DBD1AB75}.Release|ARM.ActiveCfg = Release|ARM
		{167F1024-B9FA-4907-8378-FF84DBD1AB75}.Release|ARM.Build.0 = Release|ARM
		{167F1024-B9FA-4907-8378-FF84DBD1AB75}.Release|x64.ActiveCfg = Release|x64
		{167F1024-B9FA-4907-8378-FF84DBD1AB75}.Release|x64.Build.0 = Release|x64
		{167F1024-B9FA-4907-8378-FF84DBD1AB75}.Release|x86.ActiveCfg = Release|Win32
		{167F1024-B9FA-4907-8378-FF84DBD1AB75}.Release|x86.Build.0 = Release|Win32
		{167F1024-B9FA-4907-8378-FF84DBD1AB75}.Windows|Any CPU.ActiveCfg = Release|Win32
		{167F1024-B9FA-4907-8378-FF84DBD1AB75}.Windows|Any CPU.Build.0 = Release|Win32
		{167F1024-B9FA-4907-8378-FF84DBD1AB75}.Windows|ARM.ActiveCfg = Release|ARM
		{167F1024-B9FA-4907-8378-FF84DBD1AB75}.Windows|ARM.Build.0 = Release|ARM
		{167F1024-B9FA-4907-8378-FF84DBD1AB75}.Windows|x64.ActiveCfg = Release|x64
		{167F1024-B9FA-4907-8378-FF84DBD1AB75}.Windows|x64.Build.0 = Release|x64
		{167F1024-B9FA-4907-8378-FF84DBD1AB75}.Windows|x86.ActiveCfg = Debug|Win32
		{EA918F08-5AA4-4B2D-9E0A-87F07335256A}.Debug|Any CPU.ActiveCfg = Debug|Any CPU
		{EA918F08-5AA4-4B2D-9E0A-87F07335256A}.Debug|Any CPU.Build.0 = Debug|Any CPU
		{EA918F08-5AA4-4B2D-9E0A-87F07335256A}.Debug|ARM.ActiveCfg = Debug|Any CPU
		{EA918F08-5AA4-4B2D-9E0A-87F07335256A}.Debug|ARM.Build.0 = Debug|Any CPU
		{EA918F08-5AA4-4B2D-9E0A-87F07335256A}.Debug|x64.ActiveCfg = Debug|Any CPU
		{EA918F08-5AA4-4B2D-9E0A-87F07335256A}.Debug|x64.Build.0 = Debug|Any CPU
		{EA918F08-5AA4-4B2D-9E0A-87F07335256A}.Debug|x86.ActiveCfg = Debug|x86
		{EA918F08-5AA4-4B2D-9E0A-87F07335256A}.Debug|x86.Build.0 = Debug|x86
		{EA918F08-5AA4-4B2D-9E0A-87F07335256A}.Kernel|Any CPU.ActiveCfg = Release|Any CPU
		{EA918F08-5AA4-4B2D-9E0A-87F07335256A}.Kernel|Any CPU.Build.0 = Release|Any CPU
		{EA918F08-5AA4-4B2D-9E0A-87F07335256A}.Kernel|ARM.ActiveCfg = Debug|Any CPU
		{EA918F08-5AA4-4B2D-9E0A-87F07335256A}.Kernel|ARM.Build.0 = Debug|Any CPU
		{EA918F08-5AA4-4B2D-9E0A-87F07335256A}.Kernel|x64.ActiveCfg = Debug|Any CPU
		{EA918F08-5AA4-4B2D-9E0A-87F07335256A}.Kernel|x64.Build.0 = Debug|Any CPU
		{EA918F08-5AA4-4B2D-9E0A-87F07335256A}.Kernel|x86.ActiveCfg = Debug|x86
		{EA918F08-5AA4-4B2D-9E0A-87F07335256A}.Kernel|x86.Build.0 = Debug|x86
		{EA918F08-5AA4-4B2D-9E0A-87F07335256A}.Release|Any CPU.ActiveCfg = Release|Any CPU
		{EA918F08-5AA4-4B2D-9E0A-87F07335256A}.Release|Any CPU.Build.0 = Release|Any CPU
		{EA918F08-5AA4-4B2D-9E0A-87F07335256A}.Release|ARM.ActiveCfg = Release|Any CPU
		{EA918F08-5AA4-4B2D-9E0A-87F07335256A}.Release|ARM.Build.0 = Release|Any CPU
		{EA918F08-5AA4-4B2D-9E0A-87F07335256A}.Release|x64.ActiveCfg = Release|Any CPU
		{EA918F08-5AA4-4B2D-9E0A-87F07335256A}.Release|x64.Build.0 = Release|Any CPU
		{EA918F08-5AA4-4B2D-9E0A-87F07335256A}.Release|x86.ActiveCfg = Release|x86
		{EA918F08-5AA4-4B2D-9E0A-87F07335256A}.Release|x86.Build.0 = Release|x86
		{EA918F08-5AA4-4B2D-9E0A-87F07335256A}.Windows|Any CPU.ActiveCfg = Release|Any CPU
		{EA918F08-5AA4-4B2D-9E0A-87F07335256A}.Windows|Any CPU.Build.0 = Release|Any CPU
		{EA918F08-5AA4-4B2D-9E0A-87F07335256A}.Windows|ARM.ActiveCfg = Release|Any CPU
		{EA918F08-5AA4-4B2D-9E0A-87F07335256A}.Windows|ARM.Build.0 = Release|Any CPU
		{EA918F08-5AA4-4B2D-9E0A-87F07335256A}.Windows|x64.ActiveCfg = Release|Any CPU
		{EA918F08-5AA4-4B2D-9E0A-87F07335256A}.Windows|x64.Build.0 = Release|Any CPU
		{EA918F08-5AA4-4B2D-9E0A-87F07335256A}.Windows|x86.ActiveCfg = Debug|x86
		{EA918F08-5AA4-4B2D-9E0A-87F07335256A}.Windows|x86.Build.0 = Debug|x86
		{8F47A45C-FDBE-42CC-8120-E10A0ECB938E}.Debug|Any CPU.ActiveCfg = Debug|Any CPU
		{8F47A45C-FDBE-42CC-8120-E10A0ECB938E}.Debug|Any CPU.Build.0 = Debug|Any CPU
		{8F47A45C-FDBE-42CC-8120-E10A0ECB938E}.Debug|ARM.ActiveCfg = Debug|Any CPU
		{8F47A45C-FDBE-42CC-8120-E10A0ECB938E}.Debug|ARM.Build.0 = Debug|Any CPU
		{8F47A45C-FDBE-42CC-8120-E10A0ECB938E}.Debug|x64.ActiveCfg = Debug|Any CPU
		{8F47A45C-FDBE-42CC-8120-E10A0ECB938E}.Debug|x64.Build.0 = Debug|Any CPU
		{8F47A45C-FDBE-42CC-8120-E10A0ECB938E}.Debug|x86.ActiveCfg = Debug|x86
		{8F47A45C-FDBE-42CC-8120-E10A0ECB938E}.Debug|x86.Build.0 = Debug|x86
		{8F47A45C-FDBE-42CC-8120-E10A0ECB938E}.Kernel|Any CPU.ActiveCfg = Release|Any CPU
		{8F47A45C-FDBE-42CC-8120-E10A0ECB938E}.Kernel|Any CPU.Build.0 = Release|Any CPU
		{8F47A45C-FDBE-42CC-8120-E10A0ECB938E}.Kernel|ARM.ActiveCfg = Debug|Any CPU
		{8F47A45C-FDBE-42CC-8120-E10A0ECB938E}.Kernel|ARM.Build.0 = Debug|Any CPU
		{8F47A45C-FDBE-42CC-8120-E10A0ECB938E}.Kernel|x64.ActiveCfg = Debug|Any CPU
		{8F47A45C-FDBE-42CC-8120-E10A0ECB938E}.Kernel|x64.Build.0 = Debug|Any CPU
		{8F47A45C-FDBE-42CC-8120-E10A0ECB938E}.Kernel|x86.ActiveCfg = Debug|x86
		{8F47A45C-FDBE-42CC-8120-E10A0ECB938E}.Kernel|x86.Build.0 = Debug|x86
		{8F47A45C-FDBE-42CC-8120-E10A0ECB938E}.Release|Any CPU.ActiveCfg = Release|Any CPU
		{8F47A45C-FDBE-42CC-8120-E10A0ECB938E}.Release|Any CPU.Build.0 = Release|Any CPU
		{8F47A45C-FDBE-42CC-8120-E10A0ECB938E}.Release|ARM.ActiveCfg = Release|Any CPU
		{8F47A45C-FDBE-42CC-8120-E10A0ECB938E}.Release|ARM.Build.0 = Release|Any CPU
		{8F47A45C-FDBE-42CC-8120-E10A0ECB938E}.Release|x64.ActiveCfg = Release|Any CPU
		{8F47A45C-FDBE-42CC-8120-E10A0ECB938E}.Release|x64.Build.0 = Release|Any CPU
		{8F47A45C-FDBE-42CC-8120-E10A0ECB938E}.Release|x86.ActiveCfg = Release|x86
		{8F47A45C-FDBE-42CC-8120-E10A0ECB938E}.Release|x86.Build.0 = Release|x86
		{8F47A45C-FDBE-42CC-8120-E10A0ECB938E}.Windows|Any CPU.ActiveCfg = Release|Any CPU
		{8F47A45C-FDBE-42CC-8120-E10A0ECB938E}.Windows|Any CPU.Build.0 = Release|Any CPU
		{8F47A45C-FDBE-42CC-8120-E10A0ECB938E}.Windows|ARM.ActiveCfg = Release|Any CPU
		{8F47A45C-FDBE-42CC-8120-E10A0ECB938E}.Windows|ARM.Build.0 = Release|Any CPU
		{8F47A45C-FDBE-42CC-8120-E10A0ECB938E}.Windows|x64.ActiveCfg = Release|Any CPU
		{8F47A45C-FDBE-42CC-8120-E10A0ECB938E}.Windows|x64.Build.0 = Release|Any CPU
		{8F47A45C-FDBE-42CC-8120-E10A0ECB938E}.Windows|x86.ActiveCfg = Debug|x86
		{8F47A45C-FDBE-42CC-8120-E10A0ECB938E}.Windows|x86.Build.0 = Debug|x86
		{ED375CD0-522F-4DE0-B59F-6F4B267A40C0}.Debug|Any CPU.ActiveCfg = Debug|Any CPU
		{ED375CD0-522F-4DE0-B59F-6F4B267A40C0}.Debug|Any CPU.Build.0 = Debug|Any CPU
		{ED375CD0-522F-4DE0-B59F-6F4B267A40C0}.Debug|ARM.ActiveCfg = Debug|Any CPU
		{ED375CD0-522F-4DE0-B59F-6F4B267A40C0}.Debug|ARM.Build.0 = Debug|Any CPU
		{ED375CD0-522F-4DE0-B59F-6F4B267A40C0}.Debug|x64.ActiveCfg = Debug|Any CPU
		{ED375CD0-522F-4DE0-B59F-6F4B267A40C0}.Debug|x64.Build.0 = Debug|Any CPU
		{ED375CD0-522F-4DE0-B59F-6F4B267A40C0}.Debug|x86.ActiveCfg = Debug|x86
		{ED375CD0-522F-4DE0-B59F-6F4B267A40C0}.Debug|x86.Build.0 = Debug|x86
		{ED375CD0-522F-4DE0-B59F-6F4B267A40C0}.Kernel|Any CPU.ActiveCfg = Release|Any CPU
		{ED375CD0-522F-4DE0-B59F-6F4B267A40C0}.Kernel|Any CPU.Build.0 = Release|Any CPU
		{ED375CD0-522F-4DE0-B59F-6F4B267A40C0}.Kernel|ARM.ActiveCfg = Debug|Any CPU
		{ED375CD0-522F-4DE0-B59F-6F4B267A40C0}.Kernel|ARM.Build.0 = Debug|Any CPU
		{ED375CD0-522F-4DE0-B59F-6F4B267A40C0}.Kernel|x64.ActiveCfg = Debug|Any CPU
		{ED375CD0-522F-4DE0-B59F-6F4B267A40C0}.Kernel|x64.Build.0 = Debug|Any CPU
		{ED375CD0-522F-4DE0-B59F-6F4B267A40C0}.Kernel|x86.ActiveCfg = Debug|x86
		{ED375CD0-522F-4DE0-B59F-6F4B267A40C0}.Kernel|x86.Build.0 = Debug|x86
		{ED375CD0-522F-4DE0-B59F-6F4B267A40C0}.Release|Any CPU.ActiveCfg = Release|Any CPU
		{ED375CD0-522F-4DE0-B59F-6F4B267A40C0}.Release|Any CPU.Build.0 = Release|Any CPU
		{ED375CD0-522F-4DE0-B59F-6F4B267A40C0}.Release|ARM.ActiveCfg = Release|Any CPU
		{ED375CD0-522F-4DE0-B59F-6F4B267A40C0}.Release|ARM.Build.0 = Release|Any CPU
		{ED375CD0-522F-4DE0-B59F-6F4B267A40C0}.Release|x64.ActiveCfg = Release|Any CPU
		{ED375CD0-522F-4DE0-B59F-6F4B267A40C0}.Release|x64.Build.0 = Release|Any CPU
		{ED375CD0-522F-4DE0-B59F-6F4B267A40C0}.Release|x86.ActiveCfg = Release|x86
		{ED375CD0-522F-4DE0-B59F-6F4B267A40C0}.Release|x86.Build.0 = Release|x86
		{ED375CD0-522F-4DE0-B59F-6F4B267A40C0}.Windows|Any CPU.ActiveCfg = Release|Any CPU
		{ED375CD0-522F-4DE0-B59F-6F4B267A40C0}.Windows|Any CPU.Build.0 = Release|Any CPU
		{ED375CD0-522F-4DE0-B59F-6F4B267A40C0}.Windows|ARM.ActiveCfg = Release|Any CPU
		{ED375CD0-522F-4DE0-B59F-6F4B267A40C0}.Windows|ARM.Build.0 = Release|Any CPU
		{ED375CD0-522F-4DE0-B59F-6F4B267A40C0}.Windows|x64.ActiveCfg = Release|Any CPU
		{ED375CD0-522F-4DE0-B59F-6F4B267A40C0}.Windows|x64.Build.0 = Release|Any CPU
		{ED375CD0-522F-4DE0-B59F-6F4B267A40C0}.Windows|x86.ActiveCfg = Debug|x86
		{ED375CD0-522F-4DE0-B59F-6F4B267A40C0}.Windows|x86.Build.0 = Debug|x86
		{83FE41CB-5F19-4368-8DC6-2438AD0703BB}.Debug|Any CPU.ActiveCfg = Debug|Win32
		{83FE41CB-5F19-4368-8DC6-2438AD0703BB}.Debug|ARM.ActiveCfg = Debug|ARM
		{83FE41CB-5F19-4368-8DC6-2438AD0703BB}.Debug|ARM.Build.0 = Debug|ARM
		{83FE41CB-5F19-4368-8DC6-2438AD0703BB}.Debug|x64.ActiveCfg = Debug|x64
		{83FE41CB-5F19-4368-8DC6-2438AD0703BB}.Debug|x64.Build.0 = Debug|x64
		{83FE41CB-5F19-4368-8DC6-2438AD0703BB}.Debug|x86.ActiveCfg = Debug|Win32
		{83FE41CB-5F19-4368-8DC6-2438AD0703BB}.Debug|x86.Build.0 = Debug|Win32
		{83FE41CB-5F19-4368-8DC6-2438AD0703BB}.Kernel|Any CPU.ActiveCfg = Release|Win32
		{83FE41CB-5F19-4368-8DC6-2438AD0703BB}.Kernel|Any CPU.Build.0 = Release|Win32
		{83FE41CB-5F19-4368-8DC6-2438AD0703BB}.Kernel|ARM.ActiveCfg = Debug|ARM
		{83FE41CB-5F19-4368-8DC6-2438AD0703BB}.Kernel|ARM.Build.0 = Debug|ARM
		{83FE41CB-5F19-4368-8DC6-2438AD0703BB}.Kernel|x64.ActiveCfg = Debug|x64
		{83FE41CB-5F19-4368-8DC6-2438AD0703BB}.Kernel|x64.Build.0 = Debug|x64
		{83FE41CB-5F19-4368-8DC6-2438AD0703BB}.Kernel|x86.ActiveCfg = Debug|Win32
		{83FE41CB-5F19-4368-8DC6-2438AD0703BB}.Kernel|x86.Build.0 = Debug|Win32
		{83FE41CB-5F19-4368-8DC6-2438AD0703BB}.Release|Any CPU.ActiveCfg = Release|Win32
		{83FE41CB-5F19-4368-8DC6-2438AD0703BB}.Release|ARM.ActiveCfg = Release|ARM
		{83FE41CB-5F19-4368-8DC6-2438AD0703BB}.Release|ARM.Build.0 = Release|ARM
		{83FE41CB-5F19-4368-8DC6-2438AD0703BB}.Release|x64.ActiveCfg = Release|x64
		{83FE41CB-5F19-4368-8DC6-2438AD0703BB}.Release|x64.Build.0 = Release|x64
		{83FE41CB-5F19-4368-8DC6-2438AD0703BB}.Release|x86.ActiveCfg = Release|Win32
		{83FE41CB-5F19-4368-8DC6-2438AD0703BB}.Release|x86.Build.0 = Release|Win32
		{83FE41CB-5F19-4368-8DC6-2438AD0703BB}.Windows|Any CPU.ActiveCfg = Release|Win32
		{83FE41CB-5F19-4368-8DC6-2438AD0703BB}.Windows|Any CPU.Build.0 = Release|Win32
		{83FE41CB-5F19-4368-8DC6-2438AD0703BB}.Windows|ARM.ActiveCfg = Release|ARM
		{83FE41CB-5F19-4368-8DC6-2438AD0703BB}.Windows|ARM.Build.0 = Release|ARM
		{83FE41CB-5F19-4368-8DC6-2438AD0703BB}.Windows|x64.ActiveCfg = Release|x64
		{83FE41CB-5F19-4368-8DC6-2438AD0703BB}.Windows|x64.Build.0 = Release|x64
		{83FE41CB-5F19-4368-8DC6-2438AD0703BB}.Windows|x86.ActiveCfg = Debug|Win32
		{83FE41CB-5F19-4368-8DC6-2438AD0703BB}.Windows|x86.Build.0 = Debug|Win32
		{380783F9-463C-4DC4-96D7-95BB4D7910E2}.Debug|Any CPU.ActiveCfg = Debug|Any CPU
		{380783F9-463C-4DC4-96D7-95BB4D7910E2}.Debug|Any CPU.Build.0 = Debug|Any CPU
		{380783F9-463C-4DC4-96D7-95BB4D7910E2}.Debug|ARM.ActiveCfg = Debug|Any CPU
		{380783F9-463C-4DC4-96D7-95BB4D7910E2}.Debug|ARM.Build.0 = Debug|Any CPU
		{380783F9-463C-4DC4-96D7-95BB4D7910E2}.Debug|x64.ActiveCfg = Debug|x64
		{380783F9-463C-4DC4-96D7-95BB4D7910E2}.Debug|x64.Build.0 = Debug|x64
		{380783F9-463C-4DC4-96D7-95BB4D7910E2}.Debug|x86.ActiveCfg = Debug|x86
		{380783F9-463C-4DC4-96D7-95BB4D7910E2}.Debug|x86.Build.0 = Debug|x86
		{380783F9-463C-4DC4-96D7-95BB4D7910E2}.Kernel|Any CPU.ActiveCfg = Release|Any CPU
		{380783F9-463C-4DC4-96D7-95BB4D7910E2}.Kernel|Any CPU.Build.0 = Release|Any CPU
		{380783F9-463C-4DC4-96D7-95BB4D7910E2}.Kernel|ARM.ActiveCfg = Debug|Any CPU
		{380783F9-463C-4DC4-96D7-95BB4D7910E2}.Kernel|ARM.Build.0 = Debug|Any CPU
		{380783F9-463C-4DC4-96D7-95BB4D7910E2}.Kernel|x64.ActiveCfg = Debug|x64
		{380783F9-463C-4DC4-96D7-95BB4D7910E2}.Kernel|x64.Build.0 = Debug|x64
		{380783F9-463C-4DC4-96D7-95BB4D7910E2}.Kernel|x86.ActiveCfg = Debug|x86
		{380783F9-463C-4DC4-96D7-95BB4D7910E2}.Kernel|x86.Build.0 = Debug|x86
		{380783F9-463C-4DC4-96D7-95BB4D7910E2}.Release|Any CPU.ActiveCfg = Release|Any CPU
		{380783F9-463C-4DC4-96D7-95BB4D7910E2}.Release|Any CPU.Build.0 = Release|Any CPU
		{380783F9-463C-4DC4-96D7-95BB4D7910E2}.Release|ARM.ActiveCfg = Release|Any CPU
		{380783F9-463C-4DC4-96D7-95BB4D7910E2}.Release|ARM.Build.0 = Release|Any CPU
		{380783F9-463C-4DC4-96D7-95BB4D7910E2}.Release|x64.ActiveCfg = Release|x64
		{380783F9-463C-4DC4-96D7-95BB4D7910E2}.Release|x64.Build.0 = Release|x64
		{380783F9-463C-4DC4-96D7-95BB4D7910E2}.Release|x86.ActiveCfg = Release|x86
		{380783F9-463C-4DC4-96D7-95BB4D7910E2}.Release|x86.Build.0 = Release|x86
		{380783F9-463C-4DC4-96D7-95BB4D7910E2}.Windows|Any CPU.ActiveCfg = Release|Any CPU
		{380783F9-463C-4DC4-96D7-95BB4D7910E2}.Windows|Any CPU.Build.0 = Release|Any CPU
		{380783F9-463C-4DC4-96D7-95BB4D7910E2}.Windows|ARM.ActiveCfg = Release|Any CPU
		{380783F9-463C-4DC4-96D7-95BB4D7910E2}.Windows|ARM.Build.0 = Release|Any CPU
		{380783F9-463C-4DC4-96D7-95BB4D7910E2}.Windows|x64.ActiveCfg = Release|x64
		{380783F9-463C-4DC4-96D7-95BB4D7910E2}.Windows|x64.Build.0 = Release|x64
		{380783F9-463C-4DC4-96D7-95BB4D7910E2}.Windows|x86.ActiveCfg = Debug|x86
		{380783F9-463C-4DC4-96D7-95BB4D7910E2}.Windows|x86.Build.0 = Debug|x86
		{A7DD2C3B-760C-4575-B13E-D7000AC630D6}.Debug|Any CPU.ActiveCfg = Debug|Any CPU
		{A7DD2C3B-760C-4575-B13E-D7000AC630D6}.Debug|Any CPU.Build.0 = Debug|Any CPU
		{A7DD2C3B-760C-4575-B13E-D7000AC630D6}.Debug|ARM.ActiveCfg = Debug|Any CPU
		{A7DD2C3B-760C-4575-B13E-D7000AC630D6}.Debug|ARM.Build.0 = Debug|Any CPU
		{A7DD2C3B-760C-4575-B13E-D7000AC630D6}.Debug|x64.ActiveCfg = Debug|Any CPU
		{A7DD2C3B-760C-4575-B13E-D7000AC630D6}.Debug|x64.Build.0 = Debug|Any CPU
		{A7DD2C3B-760C-4575-B13E-D7000AC630D6}.Debug|x86.ActiveCfg = Debug|Any CPU
		{A7DD2C3B-760C-4575-B13E-D7000AC630D6}.Debug|x86.Build.0 = Debug|Any CPU
		{A7DD2C3B-760C-4575-B13E-D7000AC630D6}.Kernel|Any CPU.ActiveCfg = Release|Any CPU
		{A7DD2C3B-760C-4575-B13E-D7000AC630D6}.Kernel|Any CPU.Build.0 = Release|Any CPU
		{A7DD2C3B-760C-4575-B13E-D7000AC630D6}.Kernel|ARM.ActiveCfg = Debug|Any CPU
		{A7DD2C3B-760C-4575-B13E-D7000AC630D6}.Kernel|ARM.Build.0 = Debug|Any CPU
		{A7DD2C3B-760C-4575-B13E-D7000AC630D6}.Kernel|x64.ActiveCfg = Debug|Any CPU
		{A7DD2C3B-760C-4575-B13E-D7000AC630D6}.Kernel|x64.Build.0 = Debug|Any CPU
		{A7DD2C3B-760C-4575-B13E-D7000AC630D6}.Kernel|x86.ActiveCfg = Debug|Any CPU
		{A7DD2C3B-760C-4575-B13E-D7000AC630D6}.Kernel|x86.Build.0 = Debug|Any CPU
		{A7DD2C3B-760C-4575-B13E-D7000AC630D6}.Release|Any CPU.ActiveCfg = Release|Any CPU
		{A7DD2C3B-760C-4575-B13E-D7000AC630D6}.Release|Any CPU.Build.0 = Release|Any CPU
		{A7DD2C3B-760C-4575-B13E-D7000AC630D6}.Release|ARM.ActiveCfg = Release|Any CPU
		{A7DD2C3B-760C-4575-B13E-D7000AC630D6}.Release|ARM.Build.0 = Release|Any CPU
		{A7DD2C3B-760C-4575-B13E-D7000AC630D6}.Release|x64.ActiveCfg = Release|Any CPU
		{A7DD2C3B-760C-4575-B13E-D7000AC630D6}.Release|x64.Build.0 = Release|Any CPU
		{A7DD2C3B-760C-4575-B13E-D7000AC630D6}.Release|x86.ActiveCfg = Release|Any CPU
		{A7DD2C3B-760C-4575-B13E-D7000AC630D6}.Release|x86.Build.0 = Release|Any CPU
		{A7DD2C3B-760C-4575-B13E-D7000AC630D6}.Windows|Any CPU.ActiveCfg = Release|Any CPU
		{A7DD2C3B-760C-4575-B13E-D7000AC630D6}.Windows|Any CPU.Build.0 = Release|Any CPU
		{A7DD2C3B-760C-4575-B13E-D7000AC630D6}.Windows|ARM.ActiveCfg = Release|Any CPU
		{A7DD2C3B-760C-4575-B13E-D7000AC630D6}.Windows|ARM.Build.0 = Release|Any CPU
		{A7DD2C3B-760C-4575-B13E-D7000AC630D6}.Windows|x64.ActiveCfg = Release|Any CPU
		{A7DD2C3B-760C-4575-B13E-D7000AC630D6}.Windows|x64.Build.0 = Release|Any CPU
		{A7DD2C3B-760C-4575-B13E-D7000AC630D6}.Windows|x86.ActiveCfg = Debug|Any CPU
		{A7DD2C3B-760C-4575-B13E-D7000AC630D6}.Windows|x86.Build.0 = Debug|Any CPU
		{3824E9C8-D4DA-4CAC-BD96-6D758248D32E}.Debug|Any CPU.ActiveCfg = Debug|Any CPU
		{3824E9C8-D4DA-4CAC-BD96-6D758248D32E}.Debug|Any CPU.Build.0 = Debug|Any CPU
		{3824E9C8-D4DA-4CAC-BD96-6D758248D32E}.Debug|ARM.ActiveCfg = Debug|Any CPU
		{3824E9C8-D4DA-4CAC-BD96-6D758248D32E}.Debug|ARM.Build.0 = Debug|Any CPU
		{3824E9C8-D4DA-4CAC-BD96-6D758248D32E}.Debug|x64.ActiveCfg = Debug|Any CPU
		{3824E9C8-D4DA-4CAC-BD96-6D758248D32E}.Debug|x64.Build.0 = Debug|Any CPU
		{3824E9C8-D4DA-4CAC-BD96-6D758248D32E}.Debug|x86.ActiveCfg = Debug|Any CPU
		{3824E9C8-D4DA-4CAC-BD96-6D758248D32E}.Debug|x86.Build.0 = Debug|Any CPU
		{3824E9C8-D4DA-4CAC-BD96-6D758248D32E}.Kernel|Any CPU.ActiveCfg = Release|Any CPU
		{3824E9C8-D4DA-4CAC-BD96-6D758248D32E}.Kernel|Any CPU.Build.0 = Release|Any CPU
		{3824E9C8-D4DA-4CAC-BD96-6D758248D32E}.Kernel|ARM.ActiveCfg = Debug|Any CPU
		{3824E9C8-D4DA-4CAC-BD96-6D758248D32E}.Kernel|ARM.Build.0 = Debug|Any CPU
		{3824E9C8-D4DA-4CAC-BD96-6D758248D32E}.Kernel|x64.ActiveCfg = Debug|Any CPU
		{3824E9C8-D4DA-4CAC-BD96-6D758248D32E}.Kernel|x64.Build.0 = Debug|Any CPU
		{3824E9C8-D4DA-4CAC-BD96-6D758248D32E}.Kernel|x86.ActiveCfg = Debug|Any CPU
		{3824E9C8-D4DA-4CAC-BD96-6D758248D32E}.Kernel|x86.Build.0 = Debug|Any CPU
		{3824E9C8-D4DA-4CAC-BD96-6D758248D32E}.Release|Any CPU.ActiveCfg = Release|Any CPU
		{3824E9C8-D4DA-4CAC-BD96-6D758248D32E}.Release|Any CPU.Build.0 = Release|Any CPU
		{3824E9C8-D4DA-4CAC-BD96-6D758248D32E}.Release|ARM.ActiveCfg = Release|Any CPU
		{3824E9C8-D4DA-4CAC-BD96-6D758248D32E}.Release|ARM.Build.0 = Release|Any CPU
		{3824E9C8-D4DA-4CAC-BD96-6D758248D32E}.Release|x64.ActiveCfg = Release|Any CPU
		{3824E9C8-D4DA-4CAC-BD96-6D758248D32E}.Release|x64.Build.0 = Release|Any CPU
		{3824E9C8-D4DA-4CAC-BD96-6D758248D32E}.Release|x86.ActiveCfg = Release|Any CPU
		{3824E9C8-D4DA-4CAC-BD96-6D758248D32E}.Release|x86.Build.0 = Release|Any CPU
		{3824E9C8-D4DA-4CAC-BD96-6D758248D32E}.Windows|Any CPU.ActiveCfg = Release|Any CPU
		{3824E9C8-D4DA-4CAC-BD96-6D758248D32E}.Windows|Any CPU.Build.0 = Release|Any CPU
		{3824E9C8-D4DA-4CAC-BD96-6D758248D32E}.Windows|ARM.ActiveCfg = Release|Any CPU
		{3824E9C8-D4DA-4CAC-BD96-6D758248D32E}.Windows|ARM.Build.0 = Release|Any CPU
		{3824E9C8-D4DA-4CAC-BD96-6D758248D32E}.Windows|x64.ActiveCfg = Release|Any CPU
		{3824E9C8-D4DA-4CAC-BD96-6D758248D32E}.Windows|x64.Build.0 = Release|Any CPU
		{3824E9C8-D4DA-4CAC-BD96-6D758248D32E}.Windows|x86.ActiveCfg = Debug|Any CPU
		{3824E9C8-D4DA-4CAC-BD96-6D758248D32E}.Windows|x86.Build.0 = Debug|Any CPU
		{300BB729-71D0-4177-821F-1A559B8CB621}.Debug|Any CPU.ActiveCfg = Debug|Win32
		{300BB729-71D0-4177-821F-1A559B8CB621}.Debug|ARM.ActiveCfg = Debug|ARM
		{300BB729-71D0-4177-821F-1A559B8CB621}.Debug|ARM.Build.0 = Debug|ARM
		{300BB729-71D0-4177-821F-1A559B8CB621}.Debug|x64.ActiveCfg = Debug|x64
		{300BB729-71D0-4177-821F-1A559B8CB621}.Debug|x64.Build.0 = Debug|x64
		{300BB729-71D0-4177-821F-1A559B8CB621}.Debug|x86.ActiveCfg = Debug|Win32
		{300BB729-71D0-4177-821F-1A559B8CB621}.Debug|x86.Build.0 = Debug|Win32
		{300BB729-71D0-4177-821F-1A559B8CB621}.Kernel|Any CPU.ActiveCfg = Release|Win32
		{300BB729-71D0-4177-821F-1A559B8CB621}.Kernel|Any CPU.Build.0 = Release|Win32
		{300BB729-71D0-4177-821F-1A559B8CB621}.Kernel|ARM.ActiveCfg = Release|ARM
		{300BB729-71D0-4177-821F-1A559B8CB621}.Kernel|ARM.Build.0 = Release|ARM
		{300BB729-71D0-4177-821F-1A559B8CB621}.Kernel|x64.ActiveCfg = Release|x64
		{300BB729-71D0-4177-821F-1A559B8CB621}.Kernel|x64.Build.0 = Release|x64
		{300BB729-71D0-4177-821F-1A559B8CB621}.Kernel|x86.ActiveCfg = Debug|Win32
		{300BB729-71D0-4177-821F-1A559B8CB621}.Kernel|x86.Build.0 = Debug|Win32
		{300BB729-71D0-4177-821F-1A559B8CB621}.Release|Any CPU.ActiveCfg = Release|Win32
		{300BB729-71D0-4177-821F-1A559B8CB621}.Release|ARM.ActiveCfg = Release|ARM
		{300BB729-71D0-4177-821F-1A559B8CB621}.Release|ARM.Build.0 = Release|ARM
		{300BB729-71D0-4177-821F-1A559B8CB621}.Release|x64.ActiveCfg = Release|x64
		{300BB729-71D0-4177-821F-1A559B8CB621}.Release|x64.Build.0 = Release|x64
		{300BB729-71D0-4177-821F-1A559B8CB621}.Release|x86.ActiveCfg = Release|Win32
		{300BB729-71D0-4177-821F-1A559B8CB621}.Release|x86.Build.0 = Release|Win32
		{300BB729-71D0-4177-821F-1A559B8CB621}.Windows|Any CPU.ActiveCfg = Release|Win32
		{300BB729-71D0-4177-821F-1A559B8CB621}.Windows|Any CPU.Build.0 = Release|Win32
		{300BB729-71D0-4177-821F-1A559B8CB621}.Windows|ARM.ActiveCfg = Release|ARM
		{300BB729-71D0-4177-821F-1A559B8CB621}.Windows|ARM.Build.0 = Release|ARM
		{300BB729-71D0-4177-821F-1A559B8CB621}.Windows|x64.ActiveCfg = Release|x64
		{300BB729-71D0-4177-821F-1A559B8CB621}.Windows|x64.Build.0 = Release|x64
		{300BB729-71D0-4177-821F-1A559B8CB621}.Windows|x86.ActiveCfg = Debug|Win32
		{300BB729-71D0-4177-821F-1A559B8CB621}.Windows|x86.Build.0 = Debug|Win32
		{E56A2DBB-A291-4BA6-8649-CD124101BE71}.Debug|Any CPU.ActiveCfg = Debug|Win32
		{E56A2DBB-A291-4BA6-8649-CD124101BE71}.Debug|ARM.ActiveCfg = Debug|ARM
		{E56A2DBB-A291-4BA6-8649-CD124101BE71}.Debug|ARM.Build.0 = Debug|ARM
		{E56A2DBB-A291-4BA6-8649-CD124101BE71}.Debug|x64.ActiveCfg = Debug|x64
		{E56A2DBB-A291-4BA6-8649-CD124101BE71}.Debug|x64.Build.0 = Debug|x64
		{E56A2DBB-A291-4BA6-8649-CD124101BE71}.Debug|x86.ActiveCfg = Debug|Win32
		{E56A2DBB-A291-4BA6-8649-CD124101BE71}.Debug|x86.Build.0 = Debug|Win32
		{E56A2DBB-A291-4BA6-8649-CD124101BE71}.Kernel|Any CPU.ActiveCfg = Release|Win32
		{E56A2DBB-A291-4BA6-8649-CD124101BE71}.Kernel|Any CPU.Build.0 = Release|Win32
		{E56A2DBB-A291-4BA6-8649-CD124101BE71}.Kernel|ARM.ActiveCfg = Release|ARM
		{E56A2DBB-A291-4BA6-8649-CD124101BE71}.Kernel|ARM.Build.0 = Release|ARM
		{E56A2DBB-A291-4BA6-8649-CD124101BE71}.Kernel|x64.ActiveCfg = Release|x64
		{E56A2DBB-A291-4BA6-8649-CD124101BE71}.Kernel|x64.Build.0 = Release|x64
		{E56A2DBB-A291-4BA6-8649-CD124101BE71}.Kernel|x86.ActiveCfg = Debug|Win32
		{E56A2DBB-A291-4BA6-8649-CD124101BE71}.Kernel|x86.Build.0 = Debug|Win32
		{E56A2DBB-A291-4BA6-8649-CD124101BE71}.Release|Any CPU.ActiveCfg = Release|Win32
		{E56A2DBB-A291-4BA6-8649-CD124101BE71}.Release|ARM.ActiveCfg = Release|ARM
		{E56A2DBB-A291-4BA6-8649-CD124101BE71}.Release|ARM.Build.0 = Release|ARM
		{E56A2DBB-A291-4BA6-8649-CD124101BE71}.Release|x64.ActiveCfg = Release|x64
		{E56A2DBB-A291-4BA6-8649-CD124101BE71}.Release|x64.Build.0 = Release|x64
		{E56A2DBB-A291-4BA6-8649-CD124101BE71}.Release|x86.ActiveCfg = Release|Win32
		{E56A2DBB-A291-4BA6-8649-CD124101BE71}.Release|x86.Build.0 = Release|Win32
		{E56A2DBB-A291-4BA6-8649-CD124101BE71}.Windows|Any CPU.ActiveCfg = Release|Win32
		{E56A2DBB-A291-4BA6-8649-CD124101BE71}.Windows|Any CPU.Build.0 = Release|Win32
		{E56A2DBB-A291-4BA6-8649-CD124101BE71}.Windows|ARM.ActiveCfg = Release|ARM
		{E56A2DBB-A291-4BA6-8649-CD124101BE71}.Windows|ARM.Build.0 = Release|ARM
		{E56A2DBB-A291-4BA6-8649-CD124101BE71}.Windows|x64.ActiveCfg = Release|x64
		{E56A2DBB-A291-4BA6-8649-CD124101BE71}.Windows|x64.Build.0 = Release|x64
		{E56A2DBB-A291-4BA6-8649-CD124101BE71}.Windows|x86.ActiveCfg = Debug|Win32
		{C293DB32-FA42-486D-B128-5A12522FAE4E}.Debug|Any CPU.ActiveCfg = Debug|Any CPU
		{C293DB32-FA42-486D-B128-5A12522FAE4E}.Debug|Any CPU.Build.0 = Debug|Any CPU
		{C293DB32-FA42-486D-B128-5A12522FAE4E}.Debug|ARM.ActiveCfg = Debug|Any CPU
		{C293DB32-FA42-486D-B128-5A12522FAE4E}.Debug|ARM.Build.0 = Debug|Any CPU
		{C293DB32-FA42-486D-B128-5A12522FAE4E}.Debug|x64.ActiveCfg = Debug|Any CPU
		{C293DB32-FA42-486D-B128-5A12522FAE4E}.Debug|x64.Build.0 = Debug|Any CPU
		{C293DB32-FA42-486D-B128-5A12522FAE4E}.Debug|x86.ActiveCfg = Debug|Any CPU
		{C293DB32-FA42-486D-B128-5A12522FAE4E}.Debug|x86.Build.0 = Debug|Any CPU
		{C293DB32-FA42-486D-B128-5A12522FAE4E}.Kernel|Any CPU.ActiveCfg = Debug|Any CPU
		{C293DB32-FA42-486D-B128-5A12522FAE4E}.Kernel|Any CPU.Build.0 = Debug|Any CPU
		{C293DB32-FA42-486D-B128-5A12522FAE4E}.Kernel|ARM.ActiveCfg = Release|Any CPU
		{C293DB32-FA42-486D-B128-5A12522FAE4E}.Kernel|ARM.Build.0 = Release|Any CPU
		{C293DB32-FA42-486D-B128-5A12522FAE4E}.Kernel|x64.ActiveCfg = Release|Any CPU
		{C293DB32-FA42-486D-B128-5A12522FAE4E}.Kernel|x64.Build.0 = Release|Any CPU
		{C293DB32-FA42-486D-B128-5A12522FAE4E}.Kernel|x86.ActiveCfg = Debug|Any CPU
		{C293DB32-FA42-486D-B128-5A12522FAE4E}.Kernel|x86.Build.0 = Debug|Any CPU
		{C293DB32-FA42-486D-B128-5A12522FAE4E}.Release|Any CPU.ActiveCfg = Release|Any CPU
		{C293DB32-FA42-486D-B128-5A12522FAE4E}.Release|Any CPU.Build.0 = Release|Any CPU
		{C293DB32-FA42-486D-B128-5A12522FAE4E}.Release|ARM.ActiveCfg = Release|Any CPU
		{C293DB32-FA42-486D-B128-5A12522FAE4E}.Release|ARM.Build.0 = Release|Any CPU
		{C293DB32-FA42-486D-B128-5A12522FAE4E}.Release|x64.ActiveCfg = Release|Any CPU
		{C293DB32-FA42-486D-B128-5A12522FAE4E}.Release|x64.Build.0 = Release|Any CPU
		{C293DB32-FA42-486D-B128-5A12522FAE4E}.Release|x86.ActiveCfg = Release|Any CPU
		{C293DB32-FA42-486D-B128-5A12522FAE4E}.Release|x86.Build.0 = Release|Any CPU
		{C293DB32-FA42-486D-B128-5A12522FAE4E}.Windows|Any CPU.ActiveCfg = Debug|Any CPU
		{C293DB32-FA42-486D-B128-5A12522FAE4E}.Windows|Any CPU.Build.0 = Debug|Any CPU
		{C293DB32-FA42-486D-B128-5A12522FAE4E}.Windows|ARM.ActiveCfg = Release|Any CPU
		{C293DB32-FA42-486D-B128-5A12522FAE4E}.Windows|ARM.Build.0 = Release|Any CPU
		{C293DB32-FA42-486D-B128-5A12522FAE4E}.Windows|x64.ActiveCfg = Release|Any CPU
		{C293DB32-FA42-486D-B128-5A12522FAE4E}.Windows|x64.Build.0 = Release|Any CPU
		{C293DB32-FA42-486D-B128-5A12522FAE4E}.Windows|x86.ActiveCfg = Debug|Any CPU
		{C293DB32-FA42-486D-B128-5A12522FAE4E}.Windows|x86.Build.0 = Debug|Any CPU
		{DCA62416-1A8D-4803-8023-494B221990F0}.Debug|Any CPU.ActiveCfg = Debug|Any CPU
		{DCA62416-1A8D-4803-8023-494B221990F0}.Debug|Any CPU.Build.0 = Debug|Any CPU
		{DCA62416-1A8D-4803-8023-494B221990F0}.Debug|ARM.ActiveCfg = Debug|Any CPU
		{DCA62416-1A8D-4803-8023-494B221990F0}.Debug|ARM.Build.0 = Debug|Any CPU
		{DCA62416-1A8D-4803-8023-494B221990F0}.Debug|x64.ActiveCfg = Debug|Any CPU
		{DCA62416-1A8D-4803-8023-494B221990F0}.Debug|x64.Build.0 = Debug|Any CPU
		{DCA62416-1A8D-4803-8023-494B221990F0}.Debug|x86.ActiveCfg = Debug|Any CPU
		{DCA62416-1A8D-4803-8023-494B221990F0}.Debug|x86.Build.0 = Debug|Any CPU
		{DCA62416-1A8D-4803-8023-494B221990F0}.Kernel|Any CPU.ActiveCfg = Debug|Any CPU
		{DCA62416-1A8D-4803-8023-494B221990F0}.Kernel|Any CPU.Build.0 = Debug|Any CPU
		{DCA62416-1A8D-4803-8023-494B221990F0}.Kernel|ARM.ActiveCfg = Release|Any CPU
		{DCA62416-1A8D-4803-8023-494B221990F0}.Kernel|ARM.Build.0 = Release|Any CPU
		{DCA62416-1A8D-4803-8023-494B221990F0}.Kernel|x64.ActiveCfg = Release|Any CPU
		{DCA62416-1A8D-4803-8023-494B221990F0}.Kernel|x64.Build.0 = Release|Any CPU
		{DCA62416-1A8D-4803-8023-494B221990F0}.Kernel|x86.ActiveCfg = Debug|Any CPU
		{DCA62416-1A8D-4803-8023-494B221990F0}.Kernel|x86.Build.0 = Debug|Any CPU
		{DCA62416-1A8D-4803-8023-494B221990F0}.Release|Any CPU.ActiveCfg = Release|Any CPU
		{DCA62416-1A8D-4803-8023-494B221990F0}.Release|Any CPU.Build.0 = Release|Any CPU
		{DCA62416-1A8D-4803-8023-494B221990F0}.Release|ARM.ActiveCfg = Release|Any CPU
		{DCA62416-1A8D-4803-8023-494B221990F0}.Release|ARM.Build.0 = Release|Any CPU
		{DCA62416-1A8D-4803-8023-494B221990F0}.Release|x64.ActiveCfg = Release|Any CPU
		{DCA62416-1A8D-4803-8023-494B221990F0}.Release|x64.Build.0 = Release|Any CPU
		{DCA62416-1A8D-4803-8023-494B221990F0}.Release|x86.ActiveCfg = Release|Any CPU
		{DCA62416-1A8D-4803-8023-494B221990F0}.Release|x86.Build.0 = Release|Any CPU
		{DCA62416-1A8D-4803-8023-494B221990F0}.Windows|Any CPU.ActiveCfg = Debug|Any CPU
		{DCA62416-1A8D-4803-8023-494B221990F0}.Windows|Any CPU.Build.0 = Debug|Any CPU
		{DCA62416-1A8D-4803-8023-494B221990F0}.Windows|ARM.ActiveCfg = Release|Any CPU
		{DCA62416-1A8D-4803-8023-494B221990F0}.Windows|ARM.Build.0 = Release|Any CPU
		{DCA62416-1A8D-4803-8023-494B221990F0}.Windows|x64.ActiveCfg = Release|Any CPU
		{DCA62416-1A8D-4803-8023-494B221990F0}.Windows|x64.Build.0 = Release|Any CPU
		{DCA62416-1A8D-4803-8023-494B221990F0}.Windows|x86.ActiveCfg = Debug|Any CPU
		{DCA62416-1A8D-4803-8023-494B221990F0}.Windows|x86.Build.0 = Debug|Any CPU
		{69077FF0-3A9A-4212-81DA-44146A598190}.Debug|Any CPU.ActiveCfg = Debug|Win32
		{69077FF0-3A9A-4212-81DA-44146A598190}.Debug|ARM.ActiveCfg = Debug|Win32
		{69077FF0-3A9A-4212-81DA-44146A598190}.Debug|x64.ActiveCfg = Debug|Win32
		{69077FF0-3A9A-4212-81DA-44146A598190}.Debug|x86.ActiveCfg = Debug|Win32
		{69077FF0-3A9A-4212-81DA-44146A598190}.Debug|x86.Build.0 = Debug|Win32
		{69077FF0-3A9A-4212-81DA-44146A598190}.Kernel|Any CPU.ActiveCfg = Debug|Win32
		{69077FF0-3A9A-4212-81DA-44146A598190}.Kernel|Any CPU.Build.0 = Debug|Win32
		{69077FF0-3A9A-4212-81DA-44146A598190}.Kernel|ARM.ActiveCfg = Release|Win32
		{69077FF0-3A9A-4212-81DA-44146A598190}.Kernel|ARM.Build.0 = Release|Win32
		{69077FF0-3A9A-4212-81DA-44146A598190}.Kernel|x64.ActiveCfg = Release|Win32
		{69077FF0-3A9A-4212-81DA-44146A598190}.Kernel|x64.Build.0 = Release|Win32
		{69077FF0-3A9A-4212-81DA-44146A598190}.Kernel|x86.ActiveCfg = Debug|Win32
		{69077FF0-3A9A-4212-81DA-44146A598190}.Release|Any CPU.ActiveCfg = Release|Win32
		{69077FF0-3A9A-4212-81DA-44146A598190}.Release|ARM.ActiveCfg = Release|Win32
		{69077FF0-3A9A-4212-81DA-44146A598190}.Release|x64.ActiveCfg = Release|Win32
		{69077FF0-3A9A-4212-81DA-44146A598190}.Release|x86.ActiveCfg = Release|Win32
		{69077FF0-3A9A-4212-81DA-44146A598190}.Release|x86.Build.0 = Release|Win32
		{69077FF0-3A9A-4212-81DA-44146A598190}.Windows|Any CPU.ActiveCfg = Debug|Win32
		{69077FF0-3A9A-4212-81DA-44146A598190}.Windows|Any CPU.Build.0 = Debug|Win32
		{69077FF0-3A9A-4212-81DA-44146A598190}.Windows|ARM.ActiveCfg = Release|Win32
		{69077FF0-3A9A-4212-81DA-44146A598190}.Windows|ARM.Build.0 = Release|Win32
		{69077FF0-3A9A-4212-81DA-44146A598190}.Windows|x64.ActiveCfg = Release|Win32
		{69077FF0-3A9A-4212-81DA-44146A598190}.Windows|x64.Build.0 = Release|Win32
		{69077FF0-3A9A-4212-81DA-44146A598190}.Windows|x86.ActiveCfg = Debug|Win32
		{69077FF0-3A9A-4212-81DA-44146A598190}.Windows|x86.Build.0 = Debug|Win32
		{ADF54CEF-56C7-459D-B0BF-4BF6020A0AFC}.Debug|Any CPU.ActiveCfg = Debug|Any CPU
		{ADF54CEF-56C7-459D-B0BF-4BF6020A0AFC}.Debug|Any CPU.Build.0 = Debug|Any CPU
		{ADF54CEF-56C7-459D-B0BF-4BF6020A0AFC}.Debug|ARM.ActiveCfg = Debug|Any CPU
		{ADF54CEF-56C7-459D-B0BF-4BF6020A0AFC}.Debug|ARM.Build.0 = Debug|Any CPU
		{ADF54CEF-56C7-459D-B0BF-4BF6020A0AFC}.Debug|x64.ActiveCfg = Debug|Any CPU
		{ADF54CEF-56C7-459D-B0BF-4BF6020A0AFC}.Debug|x64.Build.0 = Debug|Any CPU
		{ADF54CEF-56C7-459D-B0BF-4BF6020A0AFC}.Debug|x86.ActiveCfg = Debug|Any CPU
		{ADF54CEF-56C7-459D-B0BF-4BF6020A0AFC}.Debug|x86.Build.0 = Debug|Any CPU
		{ADF54CEF-56C7-459D-B0BF-4BF6020A0AFC}.Kernel|Any CPU.ActiveCfg = Debug|Any CPU
		{ADF54CEF-56C7-459D-B0BF-4BF6020A0AFC}.Kernel|Any CPU.Build.0 = Debug|Any CPU
		{ADF54CEF-56C7-459D-B0BF-4BF6020A0AFC}.Kernel|ARM.ActiveCfg = Release|Any CPU
		{ADF54CEF-56C7-459D-B0BF-4BF6020A0AFC}.Kernel|ARM.Build.0 = Release|Any CPU
		{ADF54CEF-56C7-459D-B0BF-4BF6020A0AFC}.Kernel|x64.ActiveCfg = Release|Any CPU
		{ADF54CEF-56C7-459D-B0BF-4BF6020A0AFC}.Kernel|x64.Build.0 = Release|Any CPU
		{ADF54CEF-56C7-459D-B0BF-4BF6020A0AFC}.Kernel|x86.ActiveCfg = Debug|Any CPU
		{ADF54CEF-56C7-459D-B0BF-4BF6020A0AFC}.Kernel|x86.Build.0 = Debug|Any CPU
		{ADF54CEF-56C7-459D-B0BF-4BF6020A0AFC}.Release|Any CPU.ActiveCfg = Release|Any CPU
		{ADF54CEF-56C7-459D-B0BF-4BF6020A0AFC}.Release|Any CPU.Build.0 = Release|Any CPU
		{ADF54CEF-56C7-459D-B0BF-4BF6020A0AFC}.Release|ARM.ActiveCfg = Release|Any CPU
		{ADF54CEF-56C7-459D-B0BF-4BF6020A0AFC}.Release|ARM.Build.0 = Release|Any CPU
		{ADF54CEF-56C7-459D-B0BF-4BF6020A0AFC}.Release|x64.ActiveCfg = Release|Any CPU
		{ADF54CEF-56C7-459D-B0BF-4BF6020A0AFC}.Release|x64.Build.0 = Release|Any CPU
		{ADF54CEF-56C7-459D-B0BF-4BF6020A0AFC}.Release|x86.ActiveCfg = Release|Any CPU
		{ADF54CEF-56C7-459D-B0BF-4BF6020A0AFC}.Release|x86.Build.0 = Release|Any CPU
		{ADF54CEF-56C7-459D-B0BF-4BF6020A0AFC}.Windows|Any CPU.ActiveCfg = Debug|Any CPU
		{ADF54CEF-56C7-459D-B0BF-4BF6020A0AFC}.Windows|Any CPU.Build.0 = Debug|Any CPU
		{ADF54CEF-56C7-459D-B0BF-4BF6020A0AFC}.Windows|ARM.ActiveCfg = Release|Any CPU
		{ADF54CEF-56C7-459D-B0BF-4BF6020A0AFC}.Windows|ARM.Build.0 = Release|Any CPU
		{ADF54CEF-56C7-459D-B0BF-4BF6020A0AFC}.Windows|x64.ActiveCfg = Release|Any CPU
		{ADF54CEF-56C7-459D-B0BF-4BF6020A0AFC}.Windows|x64.Build.0 = Release|Any CPU
		{ADF54CEF-56C7-459D-B0BF-4BF6020A0AFC}.Windows|x86.ActiveCfg = Debug|Any CPU
		{ADF54CEF-56C7-459D-B0BF-4BF6020A0AFC}.Windows|x86.Build.0 = Debug|Any CPU
		{64DE7C99-F065-4741-9F99-34293861A202}.Debug|Any CPU.ActiveCfg = Debug|Win32
		{64DE7C99-F065-4741-9F99-34293861A202}.Debug|ARM.ActiveCfg = Debug|ARM
		{64DE7C99-F065-4741-9F99-34293861A202}.Debug|ARM.Build.0 = Debug|ARM
		{64DE7C99-F065-4741-9F99-34293861A202}.Debug|x64.ActiveCfg = Debug|x64
		{64DE7C99-F065-4741-9F99-34293861A202}.Debug|x64.Build.0 = Debug|x64
		{64DE7C99-F065-4741-9F99-34293861A202}.Debug|x86.ActiveCfg = Debug|Win32
		{64DE7C99-F065-4741-9F99-34293861A202}.Debug|x86.Build.0 = Debug|Win32
		{64DE7C99-F065-4741-9F99-34293861A202}.Kernel|Any CPU.ActiveCfg = Release|Win32
		{64DE7C99-F065-4741-9F99-34293861A202}.Kernel|Any CPU.Build.0 = Release|Win32
		{64DE7C99-F065-4741-9F99-34293861A202}.Kernel|ARM.ActiveCfg = Release|ARM
		{64DE7C99-F065-4741-9F99-34293861A202}.Kernel|ARM.Build.0 = Release|ARM
		{64DE7C99-F065-4741-9F99-34293861A202}.Kernel|x64.ActiveCfg = Release|x64
		{64DE7C99-F065-4741-9F99-34293861A202}.Kernel|x64.Build.0 = Release|x64
		{64DE7C99-F065-4741-9F99-34293861A202}.Kernel|x86.ActiveCfg = Debug|Win32
		{64DE7C99-F065-4741-9F99-34293861A202}.Kernel|x86.Build.0 = Debug|Win32
		{64DE7C99-F065-4741-9F99-34293861A202}.Release|Any CPU.ActiveCfg = Release|Win32
		{64DE7C99-F065-4741-9F99-34293861A202}.Release|ARM.ActiveCfg = Release|ARM
		{64DE7C99-F065-4741-9F99-34293861A202}.Release|ARM.Build.0 = Release|ARM
		{64DE7C99-F065-4741-9F99-34293861A202}.Release|x64.ActiveCfg = Release|x64
		{64DE7C99-F065-4741-9F99-34293861A202}.Release|x64.Build.0 = Release|x64
		{64DE7C99-F065-4741-9F99-34293861A202}.Release|x86.ActiveCfg = Release|Win32
		{64DE7C99-F065-4741-9F99-34293861A202}.Release|x86.Build.0 = Release|Win32
		{64DE7C99-F065-4741-9F99-34293861A202}.Windows|Any CPU.ActiveCfg = Release|Win32
		{64DE7C99-F065-4741-9F99-34293861A202}.Windows|Any CPU.Build.0 = Release|Win32
		{64DE7C99-F065-4741-9F99-34293861A202}.Windows|ARM.ActiveCfg = Release|ARM
		{64DE7C99-F065-4741-9F99-34293861A202}.Windows|ARM.Build.0 = Release|ARM
		{64DE7C99-F065-4741-9F99-34293861A202}.Windows|x64.ActiveCfg = Release|x64
		{64DE7C99-F065-4741-9F99-34293861A202}.Windows|x64.Build.0 = Release|x64
		{64DE7C99-F065-4741-9F99-34293861A202}.Windows|x86.ActiveCfg = Debug|Win32
		{64DE7C99-F065-4741-9F99-34293861A202}.Windows|x86.Build.0 = Debug|Win32
		{E1EC6099-65DC-41BB-AE01-5D5E39CB3807}.Debug|Any CPU.ActiveCfg = Debug|Any CPU
		{E1EC6099-65DC-41BB-AE01-5D5E39CB3807}.Debug|Any CPU.Build.0 = Debug|Any CPU
		{E1EC6099-65DC-41BB-AE01-5D5E39CB3807}.Debug|ARM.ActiveCfg = Debug|Any CPU
		{E1EC6099-65DC-41BB-AE01-5D5E39CB3807}.Debug|ARM.Build.0 = Debug|Any CPU
		{E1EC6099-65DC-41BB-AE01-5D5E39CB3807}.Debug|x64.ActiveCfg = Debug|Any CPU
		{E1EC6099-65DC-41BB-AE01-5D5E39CB3807}.Debug|x64.Build.0 = Debug|Any CPU
		{E1EC6099-65DC-41BB-AE01-5D5E39CB3807}.Debug|x86.ActiveCfg = Debug|Any CPU
		{E1EC6099-65DC-41BB-AE01-5D5E39CB3807}.Debug|x86.Build.0 = Debug|Any CPU
		{E1EC6099-65DC-41BB-AE01-5D5E39CB3807}.Kernel|Any CPU.ActiveCfg = Release|Any CPU
		{E1EC6099-65DC-41BB-AE01-5D5E39CB3807}.Kernel|Any CPU.Build.0 = Release|Any CPU
		{E1EC6099-65DC-41BB-AE01-5D5E39CB3807}.Kernel|ARM.ActiveCfg = Release|Any CPU
		{E1EC6099-65DC-41BB-AE01-5D5E39CB3807}.Kernel|ARM.Build.0 = Release|Any CPU
		{E1EC6099-65DC-41BB-AE01-5D5E39CB3807}.Kernel|x64.ActiveCfg = Release|Any CPU
		{E1EC6099-65DC-41BB-AE01-5D5E39CB3807}.Kernel|x64.Build.0 = Release|Any CPU
		{E1EC6099-65DC-41BB-AE01-5D5E39CB3807}.Kernel|x86.ActiveCfg = Debug|Any CPU
		{E1EC6099-65DC-41BB-AE01-5D5E39CB3807}.Kernel|x86.Build.0 = Debug|Any CPU
		{E1EC6099-65DC-41BB-AE01-5D5E39CB3807}.Release|Any CPU.ActiveCfg = Release|Any CPU
		{E1EC6099-65DC-41BB-AE01-5D5E39CB3807}.Release|Any CPU.Build.0 = Release|Any CPU
		{E1EC6099-65DC-41BB-AE01-5D5E39CB3807}.Release|ARM.ActiveCfg = Release|Any CPU
		{E1EC6099-65DC-41BB-AE01-5D5E39CB3807}.Release|ARM.Build.0 = Release|Any CPU
		{E1EC6099-65DC-41BB-AE01-5D5E39CB3807}.Release|x64.ActiveCfg = Release|Any CPU
		{E1EC6099-65DC-41BB-AE01-5D5E39CB3807}.Release|x64.Build.0 = Release|Any CPU
		{E1EC6099-65DC-41BB-AE01-5D5E39CB3807}.Release|x86.ActiveCfg = Release|Any CPU
		{E1EC6099-65DC-41BB-AE01-5D5E39CB3807}.Release|x86.Build.0 = Release|Any CPU
		{E1EC6099-65DC-41BB-AE01-5D5E39CB3807}.Windows|Any CPU.ActiveCfg = Release|Any CPU
		{E1EC6099-65DC-41BB-AE01-5D5E39CB3807}.Windows|Any CPU.Build.0 = Release|Any CPU
		{E1EC6099-65DC-41BB-AE01-5D5E39CB3807}.Windows|ARM.ActiveCfg = Release|Any CPU
		{E1EC6099-65DC-41BB-AE01-5D5E39CB3807}.Windows|ARM.Build.0 = Release|Any CPU
		{E1EC6099-65DC-41BB-AE01-5D5E39CB3807}.Windows|x64.ActiveCfg = Release|Any CPU
		{E1EC6099-65DC-41BB-AE01-5D5E39CB3807}.Windows|x64.Build.0 = Release|Any CPU
		{E1EC6099-65DC-41BB-AE01-5D5E39CB3807}.Windows|x86.ActiveCfg = Release|Any CPU
		{E1EC6099-65DC-41BB-AE01-5D5E39CB3807}.Windows|x86.Build.0 = Release|Any CPU
		{615ABA92-FE5D-4EC3-BE21-75238EB04109}.Debug|Any CPU.ActiveCfg = Debug|Any CPU
		{615ABA92-FE5D-4EC3-BE21-75238EB04109}.Debug|Any CPU.Build.0 = Debug|Any CPU
		{615ABA92-FE5D-4EC3-BE21-75238EB04109}.Debug|ARM.ActiveCfg = Debug|Any CPU
		{615ABA92-FE5D-4EC3-BE21-75238EB04109}.Debug|ARM.Build.0 = Debug|Any CPU
		{615ABA92-FE5D-4EC3-BE21-75238EB04109}.Debug|x64.ActiveCfg = Debug|Any CPU
		{615ABA92-FE5D-4EC3-BE21-75238EB04109}.Debug|x64.Build.0 = Debug|Any CPU
		{615ABA92-FE5D-4EC3-BE21-75238EB04109}.Debug|x86.ActiveCfg = Debug|Any CPU
		{615ABA92-FE5D-4EC3-BE21-75238EB04109}.Debug|x86.Build.0 = Debug|Any CPU
		{615ABA92-FE5D-4EC3-BE21-75238EB04109}.Kernel|Any CPU.ActiveCfg = Release|Any CPU
		{615ABA92-FE5D-4EC3-BE21-75238EB04109}.Kernel|Any CPU.Build.0 = Release|Any CPU
		{615ABA92-FE5D-4EC3-BE21-75238EB04109}.Kernel|ARM.ActiveCfg = Release|Any CPU
		{615ABA92-FE5D-4EC3-BE21-75238EB04109}.Kernel|ARM.Build.0 = Release|Any CPU
		{615ABA92-FE5D-4EC3-BE21-75238EB04109}.Kernel|x64.ActiveCfg = Release|Any CPU
		{615ABA92-FE5D-4EC3-BE21-75238EB04109}.Kernel|x64.Build.0 = Release|Any CPU
		{615ABA92-FE5D-4EC3-BE21-75238EB04109}.Kernel|x86.ActiveCfg = Debug|Any CPU
		{615ABA92-FE5D-4EC3-BE21-75238EB04109}.Kernel|x86.Build.0 = Debug|Any CPU
		{615ABA92-FE5D-4EC3-BE21-75238EB04109}.Release|Any CPU.ActiveCfg = Release|Any CPU
		{615ABA92-FE5D-4EC3-BE21-75238EB04109}.Release|Any CPU.Build.0 = Release|Any CPU
		{615ABA92-FE5D-4EC3-BE21-75238EB04109}.Release|ARM.ActiveCfg = Release|Any CPU
		{615ABA92-FE5D-4EC3-BE21-75238EB04109}.Release|ARM.Build.0 = Release|Any CPU
		{615ABA92-FE5D-4EC3-BE21-75238EB04109}.Release|x64.ActiveCfg = Release|Any CPU
		{615ABA92-FE5D-4EC3-BE21-75238EB04109}.Release|x64.Build.0 = Release|Any CPU
		{615ABA92-FE5D-4EC3-BE21-75238EB04109}.Release|x86.ActiveCfg = Release|Any CPU
		{615ABA92-FE5D-4EC3-BE21-75238EB04109}.Release|x86.Build.0 = Release|Any CPU
		{615ABA92-FE5D-4EC3-BE21-75238EB04109}.Windows|Any CPU.ActiveCfg = Release|Any CPU
		{615ABA92-FE5D-4EC3-BE21-75238EB04109}.Windows|Any CPU.Build.0 = Release|Any CPU
		{615ABA92-FE5D-4EC3-BE21-75238EB04109}.Windows|ARM.ActiveCfg = Release|Any CPU
		{615ABA92-FE5D-4EC3-BE21-75238EB04109}.Windows|ARM.Build.0 = Release|Any CPU
		{615ABA92-FE5D-4EC3-BE21-75238EB04109}.Windows|x64.ActiveCfg = Release|Any CPU
		{615ABA92-FE5D-4EC3-BE21-75238EB04109}.Windows|x64.Build.0 = Release|Any CPU
		{615ABA92-FE5D-4EC3-BE21-75238EB04109}.Windows|x86.ActiveCfg = Release|Any CPU
		{615ABA92-FE5D-4EC3-BE21-75238EB04109}.Windows|x86.Build.0 = Release|Any CPU
	EndGlobalSection
	GlobalSection(SolutionProperties) = preSolution
		HideSolutionNode = FALSE
	EndGlobalSection
	GlobalSection(NestedProjects) = preSolution
		{95C8F8D7-3435-4E51-BC01-3E11BD9D346D} = {B0A03BB8-F212-46DB-9BC7-F3403C5C2A71}
		{8CC054B8-7255-4940-8A73-659FF50A8074} = {EE715A70-41B4-4E2E-B961-0B2755AC8767}
		{851B6333-9AB8-438D-BF2A-9D26ADBABFA9} = {B0A03BB8-F212-46DB-9BC7-F3403C5C2A71}
		{197D0EEB-E6F1-4C42-8304-19D6A3BBE946} = {B0A03BB8-F212-46DB-9BC7-F3403C5C2A71}
		{6AB70602-D712-4F92-9260-13E408F04FD1} = {197D0EEB-E6F1-4C42-8304-19D6A3BBE946}
		{3331DCD5-A009-4D35-A5C7-C5C0A4CD1F46} = {B0A03BB8-F212-46DB-9BC7-F3403C5C2A71}
		{5B79FC48-3557-4CD8-B1B2-86913D441AD5} = {197D0EEB-E6F1-4C42-8304-19D6A3BBE946}
		{4B4DA7F3-F4B7-4A31-BA70-E796CFD40FE3} = {197D0EEB-E6F1-4C42-8304-19D6A3BBE946}
		{29274D5A-C077-4081-B722-EE82F99B215E} = {197D0EEB-E6F1-4C42-8304-19D6A3BBE946}
		{A17CED28-718E-4B59-BCE7-828C1BA17B9E} = {197D0EEB-E6F1-4C42-8304-19D6A3BBE946}
		{BB1C2C62-D992-442C-89E8-AEEC5477FA8C} = {197D0EEB-E6F1-4C42-8304-19D6A3BBE946}
		{AF7AEE49-2F45-41D0-BF5A-799D60F10728} = {197D0EEB-E6F1-4C42-8304-19D6A3BBE946}
		{6127CFAB-011B-4240-BF52-2286F8DFF5EA} = {B0A03BB8-F212-46DB-9BC7-F3403C5C2A71}
		{167F1024-B9FA-4907-8378-FF84DBD1AB75} = {B0A03BB8-F212-46DB-9BC7-F3403C5C2A71}
		{EA918F08-5AA4-4B2D-9E0A-87F07335256A} = {7F005AC3-89DD-42BF-AFD0-5A99E1F63932}
		{8F47A45C-FDBE-42CC-8120-E10A0ECB938E} = {7F005AC3-89DD-42BF-AFD0-5A99E1F63932}
		{ED375CD0-522F-4DE0-B59F-6F4B267A40C0} = {7F005AC3-89DD-42BF-AFD0-5A99E1F63932}
		{380783F9-463C-4DC4-96D7-95BB4D7910E2} = {7F005AC3-89DD-42BF-AFD0-5A99E1F63932}
		{2E9B211B-DC44-4088-A78A-95D6670289EA} = {7F005AC3-89DD-42BF-AFD0-5A99E1F63932}
		{A7DD2C3B-760C-4575-B13E-D7000AC630D6} = {2E9B211B-DC44-4088-A78A-95D6670289EA}
		{3824E9C8-D4DA-4CAC-BD96-6D758248D32E} = {2E9B211B-DC44-4088-A78A-95D6670289EA}
		{300BB729-71D0-4177-821F-1A559B8CB621} = {EE715A70-41B4-4E2E-B961-0B2755AC8767}
		{E56A2DBB-A291-4BA6-8649-CD124101BE71} = {B0A03BB8-F212-46DB-9BC7-F3403C5C2A71}
		{C293DB32-FA42-486D-B128-5A12522FAE4E} = {2E9B211B-DC44-4088-A78A-95D6670289EA}
		{DCA62416-1A8D-4803-8023-494B221990F0} = {7F005AC3-89DD-42BF-AFD0-5A99E1F63932}
		{69077FF0-3A9A-4212-81DA-44146A598190} = {EE715A70-41B4-4E2E-B961-0B2755AC8767}
		{ADF54CEF-56C7-459D-B0BF-4BF6020A0AFC} = {2E9B211B-DC44-4088-A78A-95D6670289EA}
		{64DE7C99-F065-4741-9F99-34293861A202} = {B0A03BB8-F212-46DB-9BC7-F3403C5C2A71}
		{98BE6D10-68A5-41C1-A716-08E08A4F2FD3} = {7F005AC3-89DD-42BF-AFD0-5A99E1F63932}
		{E1EC6099-65DC-41BB-AE01-5D5E39CB3807} = {7F005AC3-89DD-42BF-AFD0-5A99E1F63932}
		{615ABA92-FE5D-4EC3-BE21-75238EB04109} = {7F005AC3-89DD-42BF-AFD0-5A99E1F63932}
	EndGlobalSection
	GlobalSection(ExtensibilityGlobals) = postSolution
		SolutionGuid = {1EE574A5-94F4-485E-862E-B2173C2998E4}
	EndGlobalSection
EndGlobal
